// !$*UTF8*$!
{
	archiveVersion = 1;
	classes = {
	};
	objectVersion = 46;
	objects = {

/* Begin PBXBuildFile section */
		621A6AA8199CC4720004F9FD /* Common.xcconfig in Resources */ = {isa = PBXBuildFile; fileRef = 621A6AA7199CC4720004F9FD /* Common.xcconfig */; };
		621A6AA9199CC4720004F9FD /* Common.xcconfig in Resources */ = {isa = PBXBuildFile; fileRef = 621A6AA7199CC4720004F9FD /* Common.xcconfig */; };
		621F3E5119A4FBAF004E3156 /* RLALog.m in Sources */ = {isa = PBXBuildFile; fileRef = 621A6AD2199CCD170004F9FD /* RLALog.m */; };
		622BA3BC19ABDC2800FD5C24 /* RelayrUser_Setup.h in Headers */ = {isa = PBXBuildFile; fileRef = 622BA3BB19ABDC2800FD5C24 /* RelayrUser_Setup.h */; };
		622BA3BD19ABDC2800FD5C24 /* RelayrUser_Setup.h in Headers */ = {isa = PBXBuildFile; fileRef = 622BA3BB19ABDC2800FD5C24 /* RelayrUser_Setup.h */; };
		622CAFF819BCB02100F686B3 /* RelayrFirmware.h in Headers */ = {isa = PBXBuildFile; fileRef = 622CAFF619BCB02100F686B3 /* RelayrFirmware.h */; settings = {ATTRIBUTES = (Public, ); }; };
		622CAFF919BCB02100F686B3 /* RelayrFirmware.h in Headers */ = {isa = PBXBuildFile; fileRef = 622CAFF619BCB02100F686B3 /* RelayrFirmware.h */; settings = {ATTRIBUTES = (Public, ); }; };
		622CAFFA19BCB02100F686B3 /* RelayrFirmware.m in Sources */ = {isa = PBXBuildFile; fileRef = 622CAFF719BCB02100F686B3 /* RelayrFirmware.m */; };
		622CAFFB19BCB02100F686B3 /* RelayrFirmware.m in Sources */ = {isa = PBXBuildFile; fileRef = 622CAFF719BCB02100F686B3 /* RelayrFirmware.m */; };
		622CAFFE19BCB04B00F686B3 /* RelayrInput.h in Headers */ = {isa = PBXBuildFile; fileRef = 622CAFFC19BCB04B00F686B3 /* RelayrInput.h */; settings = {ATTRIBUTES = (Public, ); }; };
		622CAFFF19BCB04B00F686B3 /* RelayrInput.h in Headers */ = {isa = PBXBuildFile; fileRef = 622CAFFC19BCB04B00F686B3 /* RelayrInput.h */; settings = {ATTRIBUTES = (Public, ); }; };
		622CB00019BCB04B00F686B3 /* RelayrInput.m in Sources */ = {isa = PBXBuildFile; fileRef = 622CAFFD19BCB04B00F686B3 /* RelayrInput.m */; };
		622CB00119BCB04B00F686B3 /* RelayrInput.m in Sources */ = {isa = PBXBuildFile; fileRef = 622CAFFD19BCB04B00F686B3 /* RelayrInput.m */; };
		622CB00419BCB07200F686B3 /* RelayrOutput.h in Headers */ = {isa = PBXBuildFile; fileRef = 622CB00219BCB07200F686B3 /* RelayrOutput.h */; settings = {ATTRIBUTES = (Public, ); }; };
		622CB00519BCB07200F686B3 /* RelayrOutput.h in Headers */ = {isa = PBXBuildFile; fileRef = 622CB00219BCB07200F686B3 /* RelayrOutput.h */; settings = {ATTRIBUTES = (Public, ); }; };
		622CB00619BCB07200F686B3 /* RelayrOutput.m in Sources */ = {isa = PBXBuildFile; fileRef = 622CB00319BCB07200F686B3 /* RelayrOutput.m */; };
		622CB00719BCB07200F686B3 /* RelayrOutput.m in Sources */ = {isa = PBXBuildFile; fileRef = 622CB00319BCB07200F686B3 /* RelayrOutput.m */; };
		623F324D19A731B100F774EB /* RLAWebService.h in Headers */ = {isa = PBXBuildFile; fileRef = 623F324B19A731B100F774EB /* RLAWebService.h */; };
		623F324E19A731B100F774EB /* RLAWebService.m in Sources */ = {isa = PBXBuildFile; fileRef = 623F324C19A731B100F774EB /* RLAWebService.m */; };
		623F325119A7325300F774EB /* RLABluetoothService.h in Headers */ = {isa = PBXBuildFile; fileRef = 623F324F19A7325300F774EB /* RLABluetoothService.h */; };
		623F325219A7325300F774EB /* RLABluetoothService.m in Sources */ = {isa = PBXBuildFile; fileRef = 623F325019A7325300F774EB /* RLABluetoothService.m */; };
		623F325619A74C3600F774EB /* RLAWebRequest.h in Headers */ = {isa = PBXBuildFile; fileRef = 623F325419A74C3600F774EB /* RLAWebRequest.h */; };
		623F325719A74C3600F774EB /* RLAWebRequest.m in Sources */ = {isa = PBXBuildFile; fileRef = 623F325519A74C3600F774EB /* RLAWebRequest.m */; };
		623F325819A786B700F774EB /* RelayrCloud.m in Sources */ = {isa = PBXBuildFile; fileRef = 62D1718719A62D63009BBED1 /* RelayrCloud.m */; };
		623F325919A786BA00F774EB /* RelayrCloud.h in Headers */ = {isa = PBXBuildFile; fileRef = 62D1718619A62D63009BBED1 /* RelayrCloud.h */; settings = {ATTRIBUTES = (Public, ); }; };
		623F325A19A786BC00F774EB /* RelayrApp.m in Sources */ = {isa = PBXBuildFile; fileRef = 62D1718B19A62E8D009BBED1 /* RelayrApp.m */; };
		623F325B19A786BE00F774EB /* RelayrApp.h in Headers */ = {isa = PBXBuildFile; fileRef = 62D1718A19A62E8D009BBED1 /* RelayrApp.h */; settings = {ATTRIBUTES = (Public, ); }; };
		623F325C19A786C600F774EB /* RelayrUser.m in Sources */ = {isa = PBXBuildFile; fileRef = 62D1719619A65C98009BBED1 /* RelayrUser.m */; };
		623F325D19A786CE00F774EB /* RelayrDevice.m in Sources */ = {isa = PBXBuildFile; fileRef = 62D1719A19A65CCC009BBED1 /* RelayrDevice.m */; };
		623F325E19A786D000F774EB /* RelayrTransmitter.m in Sources */ = {isa = PBXBuildFile; fileRef = 62D1719E19A65D3B009BBED1 /* RelayrTransmitter.m */; };
		623F325F19A786D800F774EB /* RLAWebService.m in Sources */ = {isa = PBXBuildFile; fileRef = 623F324C19A731B100F774EB /* RLAWebService.m */; };
		623F326019A786DB00F774EB /* RLAWebRequest.m in Sources */ = {isa = PBXBuildFile; fileRef = 623F325519A74C3600F774EB /* RLAWebRequest.m */; };
		623F326119A786EE00F774EB /* RLABluetoothService.m in Sources */ = {isa = PBXBuildFile; fileRef = 623F325019A7325300F774EB /* RLABluetoothService.m */; };
		623F326219A786FC00F774EB /* RLAError.m in Sources */ = {isa = PBXBuildFile; fileRef = 621A6ACF199CCD170004F9FD /* RLAError.m */; };
		623F326319A7870000F774EB /* RLALog.m in Sources */ = {isa = PBXBuildFile; fileRef = 621A6AD2199CCD170004F9FD /* RLALog.m */; };
		623F326419A7870D00F774EB /* RLAKeyChain.m in Sources */ = {isa = PBXBuildFile; fileRef = 62E04C3719A158DF001FEDCD /* RLAKeyChain.m */; };
		623F326519A7871000F774EB /* RLANetworkInfo.m in Sources */ = {isa = PBXBuildFile; fileRef = 62E04C3219A15520001FEDCD /* RLANetworkInfo.m */; };
		623F326619A7871F00F774EB /* RelayrUser.h in Headers */ = {isa = PBXBuildFile; fileRef = 62D1719519A65C98009BBED1 /* RelayrUser.h */; settings = {ATTRIBUTES = (Public, ); }; };
		623F326719A7872400F774EB /* RelayrTransmitter.h in Headers */ = {isa = PBXBuildFile; fileRef = 62D1719D19A65D3B009BBED1 /* RelayrTransmitter.h */; settings = {ATTRIBUTES = (Public, ); }; };
		623F326819A7872700F774EB /* RelayrDevice.h in Headers */ = {isa = PBXBuildFile; fileRef = 62D1719919A65CCC009BBED1 /* RelayrDevice.h */; settings = {ATTRIBUTES = (Public, ); }; };
		623F326919A7872D00F774EB /* RLABluetoothService.h in Headers */ = {isa = PBXBuildFile; fileRef = 623F324F19A7325300F774EB /* RLABluetoothService.h */; };
		623F326A19A7873100F774EB /* RLAWebService.h in Headers */ = {isa = PBXBuildFile; fileRef = 623F324B19A731B100F774EB /* RLAWebService.h */; };
		623F326B19A7873300F774EB /* RLAWebRequest.h in Headers */ = {isa = PBXBuildFile; fileRef = 623F325419A74C3600F774EB /* RLAWebRequest.h */; };
		623F326C19A7873700F774EB /* RLAError.h in Headers */ = {isa = PBXBuildFile; fileRef = 621A6ACE199CCD170004F9FD /* RLAError.h */; };
		623F326D19A7873A00F774EB /* RLALog.h in Headers */ = {isa = PBXBuildFile; fileRef = 621A6AD1199CCD170004F9FD /* RLALog.h */; };
		623F326E19A7873D00F774EB /* RLAKeyChain.h in Headers */ = {isa = PBXBuildFile; fileRef = 62E04C3619A158DF001FEDCD /* RLAKeyChain.h */; };
		623F326F19A7874200F774EB /* RLANetworkInfo.h in Headers */ = {isa = PBXBuildFile; fileRef = 62E04C3119A15520001FEDCD /* RLANetworkInfo.h */; };
		6250E18B19B50A0D003932AA /* RelayrPublisher.h in Headers */ = {isa = PBXBuildFile; fileRef = 6250E18919B50A0D003932AA /* RelayrPublisher.h */; settings = {ATTRIBUTES = (Public, ); }; };
		6250E18C19B50A0D003932AA /* RelayrPublisher.h in Headers */ = {isa = PBXBuildFile; fileRef = 6250E18919B50A0D003932AA /* RelayrPublisher.h */; settings = {ATTRIBUTES = (Public, ); }; };
		6250E18D19B50A0D003932AA /* RelayrPublisher.m in Sources */ = {isa = PBXBuildFile; fileRef = 6250E18A19B50A0D003932AA /* RelayrPublisher.m */; };
		6250E18E19B50A0D003932AA /* RelayrPublisher.m in Sources */ = {isa = PBXBuildFile; fileRef = 6250E18A19B50A0D003932AA /* RelayrPublisher.m */; };
		6250E19019B50AAD003932AA /* RelayrPublisher_Setup.h in Headers */ = {isa = PBXBuildFile; fileRef = 6250E18F19B50AAD003932AA /* RelayrPublisher_Setup.h */; };
		6250E19119B50AAD003932AA /* RelayrPublisher_Setup.h in Headers */ = {isa = PBXBuildFile; fileRef = 6250E18F19B50AAD003932AA /* RelayrPublisher_Setup.h */; };
		6250E19319B51566003932AA /* RelayrApp_Setup.h in Headers */ = {isa = PBXBuildFile; fileRef = 6250E19219B51566003932AA /* RelayrApp_Setup.h */; };
		6250E19419B51566003932AA /* RelayrApp_Setup.h in Headers */ = {isa = PBXBuildFile; fileRef = 6250E19219B51566003932AA /* RelayrApp_Setup.h */; };
		6252F0DF199C24E2002ECE4D /* Relayr.h in Headers */ = {isa = PBXBuildFile; fileRef = 6252F0D5199C24AD002ECE4D /* Relayr.h */; settings = {ATTRIBUTES = (Public, ); }; };
		6252F10B199C2C3B002ECE4D /* Relayr.h in Headers */ = {isa = PBXBuildFile; fileRef = 6252F100199C2BFC002ECE4D /* Relayr.h */; settings = {ATTRIBUTES = (Public, ); }; };
		6252F10C199C2C7F002ECE4D /* OSXRelayrTests.m in Sources */ = {isa = PBXBuildFile; fileRef = 6252F107199C2C0C002ECE4D /* OSXRelayrTests.m */; };
		626F613F19A4FFAF006EB510 /* RLAError.h in Headers */ = {isa = PBXBuildFile; fileRef = 621A6ACE199CCD170004F9FD /* RLAError.h */; };
		626F614019A4FFAF006EB510 /* RLALog.h in Headers */ = {isa = PBXBuildFile; fileRef = 621A6AD1199CCD170004F9FD /* RLALog.h */; };
		626F614219A506E4006EB510 /* RLAKeyChain.m in Sources */ = {isa = PBXBuildFile; fileRef = 62E04C3719A158DF001FEDCD /* RLAKeyChain.m */; };
		626F614319A506E8006EB510 /* RLAKeyChain.h in Headers */ = {isa = PBXBuildFile; fileRef = 62E04C3619A158DF001FEDCD /* RLAKeyChain.h */; };
		6272529719AC7B89001265EB /* RLAWebConstants.h in Headers */ = {isa = PBXBuildFile; fileRef = 6272529619AC7B38001265EB /* RLAWebConstants.h */; };
		6272529819AC7B91001265EB /* RLAWebConstants.h in Headers */ = {isa = PBXBuildFile; fileRef = 6272529619AC7B38001265EB /* RLAWebConstants.h */; };
		6272529B19AC8573001265EB /* RLAWebOAuthController.h in Headers */ = {isa = PBXBuildFile; fileRef = 6272529919AC8573001265EB /* RLAWebOAuthController.h */; };
		6272529C19AC8573001265EB /* RLAWebOAuthController.h in Headers */ = {isa = PBXBuildFile; fileRef = 6272529919AC8573001265EB /* RLAWebOAuthController.h */; };
		6272529D19AC8573001265EB /* RLAWebOAuthController.m in Sources */ = {isa = PBXBuildFile; fileRef = 6272529A19AC8573001265EB /* RLAWebOAuthController.m */; };
		6272529E19AC8573001265EB /* RLAWebOAuthController.m in Sources */ = {isa = PBXBuildFile; fileRef = 6272529A19AC8573001265EB /* RLAWebOAuthController.m */; };
		62732D4219C05A24000E9545 /* RelayrConnection.h in Headers */ = {isa = PBXBuildFile; fileRef = 62732D4019C05A24000E9545 /* RelayrConnection.h */; settings = {ATTRIBUTES = (Public, ); }; };
		62732D4319C05A24000E9545 /* RelayrConnection.h in Headers */ = {isa = PBXBuildFile; fileRef = 62732D4019C05A24000E9545 /* RelayrConnection.h */; settings = {ATTRIBUTES = (Public, ); }; };
		62732D4419C05A24000E9545 /* RelayrConnection.m in Sources */ = {isa = PBXBuildFile; fileRef = 62732D4119C05A24000E9545 /* RelayrConnection.m */; };
		62732D4519C05A24000E9545 /* RelayrConnection.m in Sources */ = {isa = PBXBuildFile; fileRef = 62732D4119C05A24000E9545 /* RelayrConnection.m */; };
		627467E119A4F482005F1437 /* RLAError.m in Sources */ = {isa = PBXBuildFile; fileRef = 621A6ACF199CCD170004F9FD /* RLAError.m */; };
		6285F34F19C1A92D0097B299 /* RLAWebService+User.h in Headers */ = {isa = PBXBuildFile; fileRef = 6285F34D19C1A92D0097B299 /* RLAWebService+User.h */; };
		6285F35019C1A92D0097B299 /* RLAWebService+User.h in Headers */ = {isa = PBXBuildFile; fileRef = 6285F34D19C1A92D0097B299 /* RLAWebService+User.h */; };
		6285F35119C1A92D0097B299 /* RLAWebService+User.m in Sources */ = {isa = PBXBuildFile; fileRef = 6285F34E19C1A92D0097B299 /* RLAWebService+User.m */; };
		6285F35219C1A92D0097B299 /* RLAWebService+User.m in Sources */ = {isa = PBXBuildFile; fileRef = 6285F34E19C1A92D0097B299 /* RLAWebService+User.m */; };
		6285F35519C1A98B0097B299 /* RLAWebService+App.h in Headers */ = {isa = PBXBuildFile; fileRef = 6285F35319C1A98B0097B299 /* RLAWebService+App.h */; };
		6285F35619C1A98B0097B299 /* RLAWebService+App.h in Headers */ = {isa = PBXBuildFile; fileRef = 6285F35319C1A98B0097B299 /* RLAWebService+App.h */; };
		6285F35719C1A98B0097B299 /* RLAWebService+App.m in Sources */ = {isa = PBXBuildFile; fileRef = 6285F35419C1A98B0097B299 /* RLAWebService+App.m */; };
		6285F35819C1A98B0097B299 /* RLAWebService+App.m in Sources */ = {isa = PBXBuildFile; fileRef = 6285F35419C1A98B0097B299 /* RLAWebService+App.m */; };
		6285F36119C1AA410097B299 /* RLAWebService+Cloud.h in Headers */ = {isa = PBXBuildFile; fileRef = 6285F35F19C1AA410097B299 /* RLAWebService+Cloud.h */; };
		6285F36219C1AA410097B299 /* RLAWebService+Cloud.h in Headers */ = {isa = PBXBuildFile; fileRef = 6285F35F19C1AA410097B299 /* RLAWebService+Cloud.h */; };
		6285F36319C1AA410097B299 /* RLAWebService+Cloud.m in Sources */ = {isa = PBXBuildFile; fileRef = 6285F36019C1AA410097B299 /* RLAWebService+Cloud.m */; };
		6285F36419C1AA410097B299 /* RLAWebService+Cloud.m in Sources */ = {isa = PBXBuildFile; fileRef = 6285F36019C1AA410097B299 /* RLAWebService+Cloud.m */; };
		6285F36719C1AA850097B299 /* RLAWebService+Publisher.h in Headers */ = {isa = PBXBuildFile; fileRef = 6285F36519C1AA850097B299 /* RLAWebService+Publisher.h */; };
		6285F36819C1AA850097B299 /* RLAWebService+Publisher.h in Headers */ = {isa = PBXBuildFile; fileRef = 6285F36519C1AA850097B299 /* RLAWebService+Publisher.h */; };
		6285F36919C1AA850097B299 /* RLAWebService+Publisher.m in Sources */ = {isa = PBXBuildFile; fileRef = 6285F36619C1AA850097B299 /* RLAWebService+Publisher.m */; };
		6285F36A19C1AA850097B299 /* RLAWebService+Publisher.m in Sources */ = {isa = PBXBuildFile; fileRef = 6285F36619C1AA850097B299 /* RLAWebService+Publisher.m */; };
		6285F36D19C1AAA70097B299 /* RLAWebService+Transmitter.h in Headers */ = {isa = PBXBuildFile; fileRef = 6285F36B19C1AAA70097B299 /* RLAWebService+Transmitter.h */; };
		6285F36E19C1AAA70097B299 /* RLAWebService+Transmitter.h in Headers */ = {isa = PBXBuildFile; fileRef = 6285F36B19C1AAA70097B299 /* RLAWebService+Transmitter.h */; };
		6285F36F19C1AAA70097B299 /* RLAWebService+Transmitter.m in Sources */ = {isa = PBXBuildFile; fileRef = 6285F36C19C1AAA70097B299 /* RLAWebService+Transmitter.m */; };
		6285F37019C1AAA70097B299 /* RLAWebService+Transmitter.m in Sources */ = {isa = PBXBuildFile; fileRef = 6285F36C19C1AAA70097B299 /* RLAWebService+Transmitter.m */; };
		6285F37319C1AABA0097B299 /* RLAWebService+Device.h in Headers */ = {isa = PBXBuildFile; fileRef = 6285F37119C1AABA0097B299 /* RLAWebService+Device.h */; };
		6285F37419C1AABA0097B299 /* RLAWebService+Device.h in Headers */ = {isa = PBXBuildFile; fileRef = 6285F37119C1AABA0097B299 /* RLAWebService+Device.h */; };
		6285F37519C1AABA0097B299 /* RLAWebService+Device.m in Sources */ = {isa = PBXBuildFile; fileRef = 6285F37219C1AABA0097B299 /* RLAWebService+Device.m */; };
		6285F37619C1AABA0097B299 /* RLAWebService+Device.m in Sources */ = {isa = PBXBuildFile; fileRef = 6285F37219C1AABA0097B299 /* RLAWebService+Device.m */; };
		6285F37B19C1AF8E0097B299 /* RLAWebOAuthControllerIOS.h in Headers */ = {isa = PBXBuildFile; fileRef = 6285F37919C1AF8E0097B299 /* RLAWebOAuthControllerIOS.h */; };
		6285F37C19C1AF8E0097B299 /* RLAWebOAuthControllerIOS.m in Sources */ = {isa = PBXBuildFile; fileRef = 6285F37A19C1AF8E0097B299 /* RLAWebOAuthControllerIOS.m */; };
		6285F38119C1B2700097B299 /* RLAWebOAuthControllerOSX.h in Headers */ = {isa = PBXBuildFile; fileRef = 6285F37F19C1B2700097B299 /* RLAWebOAuthControllerOSX.h */; };
		6285F38219C1B2700097B299 /* RLAWebOAuthControllerOSX.m in Sources */ = {isa = PBXBuildFile; fileRef = 6285F38019C1B2700097B299 /* RLAWebOAuthControllerOSX.m */; };
		62925939199CB3EF0079D5A7 /* iOSRelayrTests.m in Sources */ = {isa = PBXBuildFile; fileRef = 6252F0DC199C24C4002ECE4D /* iOSRelayrTests.m */; };
		62D0907219C0729900999142 /* RelayrConnection_Setup.h in Headers */ = {isa = PBXBuildFile; fileRef = 62D0907119C0729900999142 /* RelayrConnection_Setup.h */; };
		62D0907319C0729900999142 /* RelayrConnection_Setup.h in Headers */ = {isa = PBXBuildFile; fileRef = 62D0907119C0729900999142 /* RelayrConnection_Setup.h */; };
		62D1718419A6039F009BBED1 /* RLANetworkInfo.m in Sources */ = {isa = PBXBuildFile; fileRef = 62E04C3219A15520001FEDCD /* RLANetworkInfo.m */; };
		62D1718519A603A3009BBED1 /* RLANetworkInfo.h in Headers */ = {isa = PBXBuildFile; fileRef = 62E04C3119A15520001FEDCD /* RLANetworkInfo.h */; };
		62D1718819A62D63009BBED1 /* RelayrCloud.h in Headers */ = {isa = PBXBuildFile; fileRef = 62D1718619A62D63009BBED1 /* RelayrCloud.h */; settings = {ATTRIBUTES = (Public, ); }; };
		62D1718919A62D63009BBED1 /* RelayrCloud.m in Sources */ = {isa = PBXBuildFile; fileRef = 62D1718719A62D63009BBED1 /* RelayrCloud.m */; };
		62D1718C19A62E8D009BBED1 /* RelayrApp.h in Headers */ = {isa = PBXBuildFile; fileRef = 62D1718A19A62E8D009BBED1 /* RelayrApp.h */; settings = {ATTRIBUTES = (Public, ); }; };
		62D1718D19A62E8D009BBED1 /* RelayrApp.m in Sources */ = {isa = PBXBuildFile; fileRef = 62D1718B19A62E8D009BBED1 /* RelayrApp.m */; };
		62D1719719A65C98009BBED1 /* RelayrUser.h in Headers */ = {isa = PBXBuildFile; fileRef = 62D1719519A65C98009BBED1 /* RelayrUser.h */; settings = {ATTRIBUTES = (Public, ); }; };
		62D1719819A65C98009BBED1 /* RelayrUser.m in Sources */ = {isa = PBXBuildFile; fileRef = 62D1719619A65C98009BBED1 /* RelayrUser.m */; };
		62D1719B19A65CCC009BBED1 /* RelayrDevice.h in Headers */ = {isa = PBXBuildFile; fileRef = 62D1719919A65CCC009BBED1 /* RelayrDevice.h */; settings = {ATTRIBUTES = (Public, ); }; };
		62D1719C19A65CCC009BBED1 /* RelayrDevice.m in Sources */ = {isa = PBXBuildFile; fileRef = 62D1719A19A65CCC009BBED1 /* RelayrDevice.m */; };
		62D1719F19A65D3B009BBED1 /* RelayrTransmitter.h in Headers */ = {isa = PBXBuildFile; fileRef = 62D1719D19A65D3B009BBED1 /* RelayrTransmitter.h */; settings = {ATTRIBUTES = (Public, ); }; };
		62D171A019A65D3B009BBED1 /* RelayrTransmitter.m in Sources */ = {isa = PBXBuildFile; fileRef = 62D1719E19A65D3B009BBED1 /* RelayrTransmitter.m */; };
		62D73C9C19B70CAB006F417D /* RelayrTransmitter_Setup.h in Headers */ = {isa = PBXBuildFile; fileRef = 62D73C9B19B70CAB006F417D /* RelayrTransmitter_Setup.h */; };
		62D73C9D19B70CAB006F417D /* RelayrTransmitter_Setup.h in Headers */ = {isa = PBXBuildFile; fileRef = 62D73C9B19B70CAB006F417D /* RelayrTransmitter_Setup.h */; };
		62D73C9F19B718C8006F417D /* RelayrDevice_Setup.h in Headers */ = {isa = PBXBuildFile; fileRef = 62D73C9E19B718C8006F417D /* RelayrDevice_Setup.h */; };
		62D73CA019B718C8006F417D /* RelayrDevice_Setup.h in Headers */ = {isa = PBXBuildFile; fileRef = 62D73C9E19B718C8006F417D /* RelayrDevice_Setup.h */; };
		62E87DD919AB2AAA00728AC6 /* CDebug.h in Headers */ = {isa = PBXBuildFile; fileRef = 62E87DD419AB2AAA00728AC6 /* CDebug.h */; };
		62E87DDA19AB2AAA00728AC6 /* CDebug.h in Headers */ = {isa = PBXBuildFile; fileRef = 62E87DD419AB2AAA00728AC6 /* CDebug.h */; };
		62E87DDB19AB2AAA00728AC6 /* CMacros.h in Headers */ = {isa = PBXBuildFile; fileRef = 62E87DD519AB2AAA00728AC6 /* CMacros.h */; };
		62E87DDC19AB2AAA00728AC6 /* CMacros.h in Headers */ = {isa = PBXBuildFile; fileRef = 62E87DD519AB2AAA00728AC6 /* CMacros.h */; };
		62E87DDD19AB2AAA00728AC6 /* CMath.h in Headers */ = {isa = PBXBuildFile; fileRef = 62E87DD619AB2AAA00728AC6 /* CMath.h */; };
		62E87DDE19AB2AAA00728AC6 /* CMath.h in Headers */ = {isa = PBXBuildFile; fileRef = 62E87DD619AB2AAA00728AC6 /* CMath.h */; };
		62E87DDF19AB2AAA00728AC6 /* CPlatforms.h in Headers */ = {isa = PBXBuildFile; fileRef = 62E87DD719AB2AAA00728AC6 /* CPlatforms.h */; };
		62E87DE019AB2AAA00728AC6 /* CPlatforms.h in Headers */ = {isa = PBXBuildFile; fileRef = 62E87DD719AB2AAA00728AC6 /* CPlatforms.h */; };
		62E87DE119AB2AAA00728AC6 /* CPlatforms_endianness.h in Headers */ = {isa = PBXBuildFile; fileRef = 62E87DD819AB2AAA00728AC6 /* CPlatforms_endianness.h */; };
		62E87DE219AB2AAA00728AC6 /* CPlatforms_endianness.h in Headers */ = {isa = PBXBuildFile; fileRef = 62E87DD819AB2AAA00728AC6 /* CPlatforms_endianness.h */; };
		62FDB16819BEF2DD00AE2A64 /* RelayrFirmware_Setup.h in Headers */ = {isa = PBXBuildFile; fileRef = 62FDB16719BEF2DD00AE2A64 /* RelayrFirmware_Setup.h */; };
		62FDB16919BEF2DD00AE2A64 /* RelayrFirmware_Setup.h in Headers */ = {isa = PBXBuildFile; fileRef = 62FDB16719BEF2DD00AE2A64 /* RelayrFirmware_Setup.h */; };
		62FDB16B19BF050400AE2A64 /* RelayrInput_Setup.h in Headers */ = {isa = PBXBuildFile; fileRef = 62FDB16A19BF050400AE2A64 /* RelayrInput_Setup.h */; };
		62FDB16C19BF050400AE2A64 /* RelayrInput_Setup.h in Headers */ = {isa = PBXBuildFile; fileRef = 62FDB16A19BF050400AE2A64 /* RelayrInput_Setup.h */; };
/* End PBXBuildFile section */

/* Begin PBXFileReference section */
		621A6AA7199CC4720004F9FD /* Common.xcconfig */ = {isa = PBXFileReference; fileEncoding = 4; lastKnownFileType = text.xcconfig; path = Common.xcconfig; sourceTree = "<group>"; };
		621A6ACE199CCD170004F9FD /* RLAError.h */ = {isa = PBXFileReference; fileEncoding = 4; lastKnownFileType = sourcecode.c.h; path = RLAError.h; sourceTree = "<group>"; };
		621A6ACF199CCD170004F9FD /* RLAError.m */ = {isa = PBXFileReference; fileEncoding = 4; lastKnownFileType = sourcecode.c.objc; path = RLAError.m; sourceTree = "<group>"; };
		621A6AD1199CCD170004F9FD /* RLALog.h */ = {isa = PBXFileReference; fileEncoding = 4; lastKnownFileType = sourcecode.c.h; path = RLALog.h; sourceTree = "<group>"; };
		621A6AD2199CCD170004F9FD /* RLALog.m */ = {isa = PBXFileReference; fileEncoding = 4; lastKnownFileType = sourcecode.c.objc; path = RLALog.m; sourceTree = "<group>"; };
		622BA3BB19ABDC2800FD5C24 /* RelayrUser_Setup.h */ = {isa = PBXFileReference; fileEncoding = 4; lastKnownFileType = sourcecode.c.h; path = RelayrUser_Setup.h; sourceTree = "<group>"; };
		622CAFF619BCB02100F686B3 /* RelayrFirmware.h */ = {isa = PBXFileReference; fileEncoding = 4; lastKnownFileType = sourcecode.c.h; path = RelayrFirmware.h; sourceTree = "<group>"; };
		622CAFF719BCB02100F686B3 /* RelayrFirmware.m */ = {isa = PBXFileReference; fileEncoding = 4; lastKnownFileType = sourcecode.c.objc; path = RelayrFirmware.m; sourceTree = "<group>"; };
		622CAFFC19BCB04B00F686B3 /* RelayrInput.h */ = {isa = PBXFileReference; fileEncoding = 4; lastKnownFileType = sourcecode.c.h; path = RelayrInput.h; sourceTree = "<group>"; };
		622CAFFD19BCB04B00F686B3 /* RelayrInput.m */ = {isa = PBXFileReference; fileEncoding = 4; lastKnownFileType = sourcecode.c.objc; path = RelayrInput.m; sourceTree = "<group>"; };
		622CB00219BCB07200F686B3 /* RelayrOutput.h */ = {isa = PBXFileReference; fileEncoding = 4; lastKnownFileType = sourcecode.c.h; path = RelayrOutput.h; sourceTree = "<group>"; };
		622CB00319BCB07200F686B3 /* RelayrOutput.m */ = {isa = PBXFileReference; fileEncoding = 4; lastKnownFileType = sourcecode.c.objc; path = RelayrOutput.m; sourceTree = "<group>"; };
		623F324B19A731B100F774EB /* RLAWebService.h */ = {isa = PBXFileReference; fileEncoding = 4; lastKnownFileType = sourcecode.c.h; path = RLAWebService.h; sourceTree = "<group>"; };
		623F324C19A731B100F774EB /* RLAWebService.m */ = {isa = PBXFileReference; fileEncoding = 4; lastKnownFileType = sourcecode.c.objc; path = RLAWebService.m; sourceTree = "<group>"; };
		623F324F19A7325300F774EB /* RLABluetoothService.h */ = {isa = PBXFileReference; fileEncoding = 4; lastKnownFileType = sourcecode.c.h; path = RLABluetoothService.h; sourceTree = "<group>"; };
		623F325019A7325300F774EB /* RLABluetoothService.m */ = {isa = PBXFileReference; fileEncoding = 4; lastKnownFileType = sourcecode.c.objc; path = RLABluetoothService.m; sourceTree = "<group>"; };
		623F325419A74C3600F774EB /* RLAWebRequest.h */ = {isa = PBXFileReference; fileEncoding = 4; lastKnownFileType = sourcecode.c.h; path = RLAWebRequest.h; sourceTree = "<group>"; };
		623F325519A74C3600F774EB /* RLAWebRequest.m */ = {isa = PBXFileReference; fileEncoding = 4; lastKnownFileType = sourcecode.c.objc; path = RLAWebRequest.m; sourceTree = "<group>"; };
		6250E18919B50A0D003932AA /* RelayrPublisher.h */ = {isa = PBXFileReference; fileEncoding = 4; lastKnownFileType = sourcecode.c.h; path = RelayrPublisher.h; sourceTree = "<group>"; };
		6250E18A19B50A0D003932AA /* RelayrPublisher.m */ = {isa = PBXFileReference; fileEncoding = 4; lastKnownFileType = sourcecode.c.objc; path = RelayrPublisher.m; sourceTree = "<group>"; };
		6250E18F19B50AAD003932AA /* RelayrPublisher_Setup.h */ = {isa = PBXFileReference; fileEncoding = 4; lastKnownFileType = sourcecode.c.h; path = RelayrPublisher_Setup.h; sourceTree = "<group>"; };
		6250E19219B51566003932AA /* RelayrApp_Setup.h */ = {isa = PBXFileReference; fileEncoding = 4; lastKnownFileType = sourcecode.c.h; path = RelayrApp_Setup.h; sourceTree = "<group>"; };
		6252F0B3199C2465002ECE4D /* Relayr.framework */ = {isa = PBXFileReference; explicitFileType = wrapper.framework; includeInIndex = 0; path = Relayr.framework; sourceTree = BUILT_PRODUCTS_DIR; };
		6252F0BE199C2465002ECE4D /* iOSRelayrTests.xctest */ = {isa = PBXFileReference; explicitFileType = wrapper.cfbundle; includeInIndex = 0; path = iOSRelayrTests.xctest; sourceTree = BUILT_PRODUCTS_DIR; };
		6252F0D1199C2492002ECE4D /* Common.xcconfig */ = {isa = PBXFileReference; lastKnownFileType = text.xcconfig; path = Common.xcconfig; sourceTree = "<group>"; };
		6252F0D5199C24AD002ECE4D /* Relayr.h */ = {isa = PBXFileReference; lastKnownFileType = sourcecode.c.h; path = Relayr.h; sourceTree = "<group>"; };
		6252F0D7199C24AD002ECE4D /* Info.plist */ = {isa = PBXFileReference; lastKnownFileType = text.plist.xml; path = Info.plist; sourceTree = "<group>"; };
		6252F0D8199C24AD002ECE4D /* iOS.xcconfig */ = {isa = PBXFileReference; lastKnownFileType = text.xcconfig; path = iOS.xcconfig; sourceTree = "<group>"; };
		6252F0DC199C24C4002ECE4D /* iOSRelayrTests.m */ = {isa = PBXFileReference; lastKnownFileType = sourcecode.c.objc; path = iOSRelayrTests.m; sourceTree = "<group>"; };
		6252F0DE199C24C4002ECE4D /* Info.plist */ = {isa = PBXFileReference; lastKnownFileType = text.plist.xml; path = Info.plist; sourceTree = "<group>"; };
		6252F0E5199C2AFA002ECE4D /* Relayr.framework */ = {isa = PBXFileReference; explicitFileType = wrapper.framework; includeInIndex = 0; path = Relayr.framework; sourceTree = BUILT_PRODUCTS_DIR; };
		6252F0EF199C2AFB002ECE4D /* OSXRelayrTests.xctest */ = {isa = PBXFileReference; explicitFileType = wrapper.cfbundle; includeInIndex = 0; path = OSXRelayrTests.xctest; sourceTree = BUILT_PRODUCTS_DIR; };
		6252F100199C2BFC002ECE4D /* Relayr.h */ = {isa = PBXFileReference; lastKnownFileType = sourcecode.c.h; path = Relayr.h; sourceTree = "<group>"; };
		6252F102199C2BFC002ECE4D /* Info.plist */ = {isa = PBXFileReference; lastKnownFileType = text.plist.xml; path = Info.plist; sourceTree = "<group>"; };
		6252F103199C2BFC002ECE4D /* OSX.xcconfig */ = {isa = PBXFileReference; lastKnownFileType = text.xcconfig; path = OSX.xcconfig; sourceTree = "<group>"; };
		6252F107199C2C0C002ECE4D /* OSXRelayrTests.m */ = {isa = PBXFileReference; lastKnownFileType = sourcecode.c.objc; path = OSXRelayrTests.m; sourceTree = "<group>"; };
		6252F10A199C2C0C002ECE4D /* Info.plist */ = {isa = PBXFileReference; lastKnownFileType = text.plist.xml; path = Info.plist; sourceTree = "<group>"; };
		6272529619AC7B38001265EB /* RLAWebConstants.h */ = {isa = PBXFileReference; lastKnownFileType = sourcecode.c.h; path = RLAWebConstants.h; sourceTree = "<group>"; };
		6272529919AC8573001265EB /* RLAWebOAuthController.h */ = {isa = PBXFileReference; fileEncoding = 4; lastKnownFileType = sourcecode.c.h; path = RLAWebOAuthController.h; sourceTree = "<group>"; };
		6272529A19AC8573001265EB /* RLAWebOAuthController.m */ = {isa = PBXFileReference; fileEncoding = 4; lastKnownFileType = sourcecode.c.objc; path = RLAWebOAuthController.m; sourceTree = "<group>"; };
		62732D4019C05A24000E9545 /* RelayrConnection.h */ = {isa = PBXFileReference; fileEncoding = 4; lastKnownFileType = sourcecode.c.h; path = RelayrConnection.h; sourceTree = "<group>"; };
		62732D4119C05A24000E9545 /* RelayrConnection.m */ = {isa = PBXFileReference; fileEncoding = 4; lastKnownFileType = sourcecode.c.objc; path = RelayrConnection.m; sourceTree = "<group>"; };
		6285F34D19C1A92D0097B299 /* RLAWebService+User.h */ = {isa = PBXFileReference; fileEncoding = 4; lastKnownFileType = sourcecode.c.h; path = "RLAWebService+User.h"; sourceTree = "<group>"; };
		6285F34E19C1A92D0097B299 /* RLAWebService+User.m */ = {isa = PBXFileReference; fileEncoding = 4; lastKnownFileType = sourcecode.c.objc; path = "RLAWebService+User.m"; sourceTree = "<group>"; };
		6285F35319C1A98B0097B299 /* RLAWebService+App.h */ = {isa = PBXFileReference; fileEncoding = 4; lastKnownFileType = sourcecode.c.h; path = "RLAWebService+App.h"; sourceTree = "<group>"; };
		6285F35419C1A98B0097B299 /* RLAWebService+App.m */ = {isa = PBXFileReference; fileEncoding = 4; lastKnownFileType = sourcecode.c.objc; path = "RLAWebService+App.m"; sourceTree = "<group>"; };
		6285F35F19C1AA410097B299 /* RLAWebService+Cloud.h */ = {isa = PBXFileReference; fileEncoding = 4; lastKnownFileType = sourcecode.c.h; path = "RLAWebService+Cloud.h"; sourceTree = "<group>"; };
		6285F36019C1AA410097B299 /* RLAWebService+Cloud.m */ = {isa = PBXFileReference; fileEncoding = 4; lastKnownFileType = sourcecode.c.objc; path = "RLAWebService+Cloud.m"; sourceTree = "<group>"; };
		6285F36519C1AA850097B299 /* RLAWebService+Publisher.h */ = {isa = PBXFileReference; fileEncoding = 4; lastKnownFileType = sourcecode.c.h; path = "RLAWebService+Publisher.h"; sourceTree = "<group>"; };
		6285F36619C1AA850097B299 /* RLAWebService+Publisher.m */ = {isa = PBXFileReference; fileEncoding = 4; lastKnownFileType = sourcecode.c.objc; path = "RLAWebService+Publisher.m"; sourceTree = "<group>"; };
		6285F36B19C1AAA70097B299 /* RLAWebService+Transmitter.h */ = {isa = PBXFileReference; fileEncoding = 4; lastKnownFileType = sourcecode.c.h; path = "RLAWebService+Transmitter.h"; sourceTree = "<group>"; };
		6285F36C19C1AAA70097B299 /* RLAWebService+Transmitter.m */ = {isa = PBXFileReference; fileEncoding = 4; lastKnownFileType = sourcecode.c.objc; path = "RLAWebService+Transmitter.m"; sourceTree = "<group>"; };
		6285F37119C1AABA0097B299 /* RLAWebService+Device.h */ = {isa = PBXFileReference; fileEncoding = 4; lastKnownFileType = sourcecode.c.h; path = "RLAWebService+Device.h"; sourceTree = "<group>"; };
		6285F37219C1AABA0097B299 /* RLAWebService+Device.m */ = {isa = PBXFileReference; fileEncoding = 4; lastKnownFileType = sourcecode.c.objc; path = "RLAWebService+Device.m"; sourceTree = "<group>"; };
		6285F37919C1AF8E0097B299 /* RLAWebOAuthControllerIOS.h */ = {isa = PBXFileReference; fileEncoding = 4; lastKnownFileType = sourcecode.c.h; path = RLAWebOAuthControllerIOS.h; sourceTree = "<group>"; };
		6285F37A19C1AF8E0097B299 /* RLAWebOAuthControllerIOS.m */ = {isa = PBXFileReference; fileEncoding = 4; lastKnownFileType = sourcecode.c.objc; path = RLAWebOAuthControllerIOS.m; sourceTree = "<group>"; };
		6285F37F19C1B2700097B299 /* RLAWebOAuthControllerOSX.h */ = {isa = PBXFileReference; fileEncoding = 4; lastKnownFileType = sourcecode.c.h; path = RLAWebOAuthControllerOSX.h; sourceTree = "<group>"; };
		6285F38019C1B2700097B299 /* RLAWebOAuthControllerOSX.m */ = {isa = PBXFileReference; fileEncoding = 4; lastKnownFileType = sourcecode.c.objc; path = RLAWebOAuthControllerOSX.m; sourceTree = "<group>"; };
		62D0907119C0729900999142 /* RelayrConnection_Setup.h */ = {isa = PBXFileReference; fileEncoding = 4; lastKnownFileType = sourcecode.c.h; path = RelayrConnection_Setup.h; sourceTree = "<group>"; };
		62D1718619A62D63009BBED1 /* RelayrCloud.h */ = {isa = PBXFileReference; fileEncoding = 4; lastKnownFileType = sourcecode.c.h; path = RelayrCloud.h; sourceTree = "<group>"; };
		62D1718719A62D63009BBED1 /* RelayrCloud.m */ = {isa = PBXFileReference; fileEncoding = 4; lastKnownFileType = sourcecode.c.objc; path = RelayrCloud.m; sourceTree = "<group>"; };
		62D1718A19A62E8D009BBED1 /* RelayrApp.h */ = {isa = PBXFileReference; fileEncoding = 4; lastKnownFileType = sourcecode.c.h; path = RelayrApp.h; sourceTree = "<group>"; };
		62D1718B19A62E8D009BBED1 /* RelayrApp.m */ = {isa = PBXFileReference; fileEncoding = 4; lastKnownFileType = sourcecode.c.objc; path = RelayrApp.m; sourceTree = "<group>"; };
		62D1719519A65C98009BBED1 /* RelayrUser.h */ = {isa = PBXFileReference; fileEncoding = 4; lastKnownFileType = sourcecode.c.h; path = RelayrUser.h; sourceTree = "<group>"; };
		62D1719619A65C98009BBED1 /* RelayrUser.m */ = {isa = PBXFileReference; fileEncoding = 4; lastKnownFileType = sourcecode.c.objc; path = RelayrUser.m; sourceTree = "<group>"; };
		62D1719919A65CCC009BBED1 /* RelayrDevice.h */ = {isa = PBXFileReference; fileEncoding = 4; lastKnownFileType = sourcecode.c.h; path = RelayrDevice.h; sourceTree = "<group>"; };
		62D1719A19A65CCC009BBED1 /* RelayrDevice.m */ = {isa = PBXFileReference; fileEncoding = 4; lastKnownFileType = sourcecode.c.objc; path = RelayrDevice.m; sourceTree = "<group>"; };
		62D1719D19A65D3B009BBED1 /* RelayrTransmitter.h */ = {isa = PBXFileReference; fileEncoding = 4; lastKnownFileType = sourcecode.c.h; path = RelayrTransmitter.h; sourceTree = "<group>"; };
		62D1719E19A65D3B009BBED1 /* RelayrTransmitter.m */ = {isa = PBXFileReference; fileEncoding = 4; lastKnownFileType = sourcecode.c.objc; path = RelayrTransmitter.m; sourceTree = "<group>"; };
		62D73C9B19B70CAB006F417D /* RelayrTransmitter_Setup.h */ = {isa = PBXFileReference; fileEncoding = 4; lastKnownFileType = sourcecode.c.h; path = RelayrTransmitter_Setup.h; sourceTree = "<group>"; };
		62D73C9E19B718C8006F417D /* RelayrDevice_Setup.h */ = {isa = PBXFileReference; fileEncoding = 4; lastKnownFileType = sourcecode.c.h; path = RelayrDevice_Setup.h; sourceTree = "<group>"; };
		62E04C3119A15520001FEDCD /* RLANetworkInfo.h */ = {isa = PBXFileReference; fileEncoding = 4; lastKnownFileType = sourcecode.c.h; path = RLANetworkInfo.h; sourceTree = "<group>"; };
		62E04C3219A15520001FEDCD /* RLANetworkInfo.m */ = {isa = PBXFileReference; fileEncoding = 4; lastKnownFileType = sourcecode.c.objc; path = RLANetworkInfo.m; sourceTree = "<group>"; };
		62E04C3619A158DF001FEDCD /* RLAKeyChain.h */ = {isa = PBXFileReference; fileEncoding = 4; lastKnownFileType = sourcecode.c.h; path = RLAKeyChain.h; sourceTree = "<group>"; };
		62E04C3719A158DF001FEDCD /* RLAKeyChain.m */ = {isa = PBXFileReference; fileEncoding = 4; lastKnownFileType = sourcecode.c.objc; path = RLAKeyChain.m; sourceTree = "<group>"; };
		62E87DD419AB2AAA00728AC6 /* CDebug.h */ = {isa = PBXFileReference; fileEncoding = 4; lastKnownFileType = sourcecode.c.h; path = CDebug.h; sourceTree = "<group>"; };
		62E87DD519AB2AAA00728AC6 /* CMacros.h */ = {isa = PBXFileReference; fileEncoding = 4; lastKnownFileType = sourcecode.c.h; path = CMacros.h; sourceTree = "<group>"; };
		62E87DD619AB2AAA00728AC6 /* CMath.h */ = {isa = PBXFileReference; fileEncoding = 4; lastKnownFileType = sourcecode.c.h; path = CMath.h; sourceTree = "<group>"; };
		62E87DD719AB2AAA00728AC6 /* CPlatforms.h */ = {isa = PBXFileReference; fileEncoding = 4; lastKnownFileType = sourcecode.c.h; path = CPlatforms.h; sourceTree = "<group>"; };
		62E87DD819AB2AAA00728AC6 /* CPlatforms_endianness.h */ = {isa = PBXFileReference; fileEncoding = 4; lastKnownFileType = sourcecode.c.h; path = CPlatforms_endianness.h; sourceTree = "<group>"; };
		62FDB16719BEF2DD00AE2A64 /* RelayrFirmware_Setup.h */ = {isa = PBXFileReference; fileEncoding = 4; lastKnownFileType = sourcecode.c.h; path = RelayrFirmware_Setup.h; sourceTree = "<group>"; };
		62FDB16A19BF050400AE2A64 /* RelayrInput_Setup.h */ = {isa = PBXFileReference; fileEncoding = 4; lastKnownFileType = sourcecode.c.h; path = RelayrInput_Setup.h; sourceTree = "<group>"; };
/* End PBXFileReference section */

/* Begin PBXFrameworksBuildPhase section */
		6252F0AF199C2465002ECE4D /* Frameworks */ = {
			isa = PBXFrameworksBuildPhase;
			buildActionMask = 2147483647;
			files = (
			);
			runOnlyForDeploymentPostprocessing = 0;
		};
		6252F0BB199C2465002ECE4D /* Frameworks */ = {
			isa = PBXFrameworksBuildPhase;
			buildActionMask = 2147483647;
			files = (
			);
			runOnlyForDeploymentPostprocessing = 0;
		};
		6252F0E1199C2AFA002ECE4D /* Frameworks */ = {
			isa = PBXFrameworksBuildPhase;
			buildActionMask = 2147483647;
			files = (
			);
			runOnlyForDeploymentPostprocessing = 0;
		};
		6252F0EC199C2AFB002ECE4D /* Frameworks */ = {
			isa = PBXFrameworksBuildPhase;
			buildActionMask = 2147483647;
			files = (
			);
			runOnlyForDeploymentPostprocessing = 0;
		};
/* End PBXFrameworksBuildPhase section */

/* Begin PBXGroup section */
		621A6AA1199CC4720004F9FD /* CommonTests */ = {
			isa = PBXGroup;
			children = (
				621A6AA2199CC4720004F9FD /* Assets */,
				621A6AA4199CC4720004F9FD /* Classes */,
				621A6AA6199CC4720004F9FD /* Configuration */,
			);
			path = CommonTests;
			sourceTree = "<group>";
		};
		621A6AA2199CC4720004F9FD /* Assets */ = {
			isa = PBXGroup;
			children = (
				621A6AA3199CC4720004F9FD /* Storyboards */,
			);
			path = Assets;
			sourceTree = "<group>";
		};
		621A6AA3199CC4720004F9FD /* Storyboards */ = {
			isa = PBXGroup;
			children = (
			);
			path = Storyboards;
			sourceTree = "<group>";
		};
		621A6AA4199CC4720004F9FD /* Classes */ = {
			isa = PBXGroup;
			children = (
				621A6AA5199CC4720004F9FD /* User */,
			);
			path = Classes;
			sourceTree = "<group>";
		};
		621A6AA5199CC4720004F9FD /* User */ = {
			isa = PBXGroup;
			children = (
			);
			path = User;
			sourceTree = "<group>";
		};
		621A6AA6199CC4720004F9FD /* Configuration */ = {
			isa = PBXGroup;
			children = (
				621A6AA7199CC4720004F9FD /* Common.xcconfig */,
			);
			path = Configuration;
			sourceTree = "<group>";
		};
		621A6AB7199CC6D00004F9FD /* Utilities */ = {
			isa = PBXGroup;
			children = (
				62E87DD319AB2AAA00728AC6 /* CBasics */,
				621A6ACD199CCD170004F9FD /* Errors */,
				621A6AD0199CCD170004F9FD /* Logs */,
				62E04C3519A158CB001FEDCD /* Security */,
				62E04C2C19A15046001FEDCD /* Web */,
			);
			path = Utilities;
			sourceTree = "<group>";
		};
		621A6ACD199CCD170004F9FD /* Errors */ = {
			isa = PBXGroup;
			children = (
				621A6ACE199CCD170004F9FD /* RLAError.h */,
				621A6ACF199CCD170004F9FD /* RLAError.m */,
			);
			path = Errors;
			sourceTree = "<group>";
		};
		621A6AD0199CCD170004F9FD /* Logs */ = {
			isa = PBXGroup;
			children = (
				621A6AD1199CCD170004F9FD /* RLALog.h */,
				621A6AD2199CCD170004F9FD /* RLALog.m */,
			);
			path = Logs;
			sourceTree = "<group>";
		};
		622BA3BA19ABDC0500FD5C24 /* Private */ = {
			isa = PBXGroup;
			children = (
				6250E19219B51566003932AA /* RelayrApp_Setup.h */,
				622BA3BB19ABDC2800FD5C24 /* RelayrUser_Setup.h */,
				6250E18F19B50AAD003932AA /* RelayrPublisher_Setup.h */,
				62D73C9A19B70B39006F417D /* IoTs */,
			);
			path = Private;
			sourceTree = "<group>";
		};
		623F324919A7317700F774EB /* Bluetooth */ = {
			isa = PBXGroup;
			children = (
				623F324F19A7325300F774EB /* RLABluetoothService.h */,
				623F325019A7325300F774EB /* RLABluetoothService.m */,
			);
			path = Bluetooth;
			sourceTree = "<group>";
		};
		623F324A19A7317700F774EB /* Web */ = {
			isa = PBXGroup;
			children = (
				623F324B19A731B100F774EB /* RLAWebService.h */,
				623F324C19A731B100F774EB /* RLAWebService.m */,
				6285F35F19C1AA410097B299 /* RLAWebService+Cloud.h */,
				6285F36019C1AA410097B299 /* RLAWebService+Cloud.m */,
				6285F35319C1A98B0097B299 /* RLAWebService+App.h */,
				6285F35419C1A98B0097B299 /* RLAWebService+App.m */,
				6285F34D19C1A92D0097B299 /* RLAWebService+User.h */,
				6285F34E19C1A92D0097B299 /* RLAWebService+User.m */,
				6285F36519C1AA850097B299 /* RLAWebService+Publisher.h */,
				6285F36619C1AA850097B299 /* RLAWebService+Publisher.m */,
				6285F36B19C1AAA70097B299 /* RLAWebService+Transmitter.h */,
				6285F36C19C1AAA70097B299 /* RLAWebService+Transmitter.m */,
				6285F37119C1AABA0097B299 /* RLAWebService+Device.h */,
				6285F37219C1AABA0097B299 /* RLAWebService+Device.m */,
				623F325319A74C1400F774EB /* Requests */,
				62E87DE319AB311C00728AC6 /* Views */,
			);
			path = Web;
			sourceTree = "<group>";
		};
		623F325319A74C1400F774EB /* Requests */ = {
			isa = PBXGroup;
			children = (
				6272529619AC7B38001265EB /* RLAWebConstants.h */,
				623F325419A74C3600F774EB /* RLAWebRequest.h */,
				623F325519A74C3600F774EB /* RLAWebRequest.m */,
			);
			path = Requests;
			sourceTree = "<group>";
		};
		6252F0A6199C243D002ECE4D = {
			isa = PBXGroup;
			children = (
				6252F0CC199C2492002ECE4D /* Common */,
				621A6AA1199CC4720004F9FD /* CommonTests */,
				6252F0B5199C2465002ECE4D /* iOSRelayr */,
				6252F0BF199C2465002ECE4D /* iOSRelayrTests */,
				6252F0E6199C2AFB002ECE4D /* OSXRelayr */,
				6252F0F0199C2AFB002ECE4D /* OSXRelayrTests */,
				6252F0B4199C2465002ECE4D /* Products */,
			);
			sourceTree = "<group>";
		};
		6252F0B4199C2465002ECE4D /* Products */ = {
			isa = PBXGroup;
			children = (
				6252F0B3199C2465002ECE4D /* Relayr.framework */,
				6252F0BE199C2465002ECE4D /* iOSRelayrTests.xctest */,
				6252F0E5199C2AFA002ECE4D /* Relayr.framework */,
				6252F0EF199C2AFB002ECE4D /* OSXRelayrTests.xctest */,
			);
			name = Products;
			sourceTree = "<group>";
		};
		6252F0B5199C2465002ECE4D /* iOSRelayr */ = {
			isa = PBXGroup;
			children = (
				6252F0D2199C24AD002ECE4D /* Assets */,
				6252F0D4199C24AD002ECE4D /* Classes */,
				6252F0D6199C24AD002ECE4D /* Configuration */,
			);
			path = iOSRelayr;
			sourceTree = "<group>";
		};
		6252F0BF199C2465002ECE4D /* iOSRelayrTests */ = {
			isa = PBXGroup;
			children = (
				6252F0D9199C24C4002ECE4D /* Assets */,
				6252F0DB199C24C4002ECE4D /* Classes */,
				6252F0DD199C24C4002ECE4D /* Configuration */,
			);
			path = iOSRelayrTests;
			sourceTree = "<group>";
		};
		6252F0CC199C2492002ECE4D /* Common */ = {
			isa = PBXGroup;
			children = (
				6252F0CD199C2492002ECE4D /* Assets */,
				6252F0CF199C2492002ECE4D /* Classes */,
				6252F0D0199C2492002ECE4D /* Configuration */,
			);
			path = Common;
			sourceTree = "<group>";
		};
		6252F0CD199C2492002ECE4D /* Assets */ = {
			isa = PBXGroup;
			children = (
				6252F0CE199C2492002ECE4D /* Storyboards */,
			);
			path = Assets;
			sourceTree = "<group>";
		};
		6252F0CE199C2492002ECE4D /* Storyboards */ = {
			isa = PBXGroup;
			children = (
			);
			path = Storyboards;
			sourceTree = "<group>";
		};
		6252F0CF199C2492002ECE4D /* Classes */ = {
			isa = PBXGroup;
			children = (
				62E04C3A19A15CD6001FEDCD /* Public */,
				622BA3BA19ABDC0500FD5C24 /* Private */,
				623F324919A7317700F774EB /* Bluetooth */,
				623F324A19A7317700F774EB /* Web */,
				621A6AB7199CC6D00004F9FD /* Utilities */,
			);
			path = Classes;
			sourceTree = "<group>";
		};
		6252F0D0199C2492002ECE4D /* Configuration */ = {
			isa = PBXGroup;
			children = (
				6252F0D1199C2492002ECE4D /* Common.xcconfig */,
			);
			path = Configuration;
			sourceTree = "<group>";
		};
		6252F0D2199C24AD002ECE4D /* Assets */ = {
			isa = PBXGroup;
			children = (
				6252F0D3199C24AD002ECE4D /* Storyboards */,
			);
			path = Assets;
			sourceTree = "<group>";
		};
		6252F0D3199C24AD002ECE4D /* Storyboards */ = {
			isa = PBXGroup;
			children = (
			);
			path = Storyboards;
			sourceTree = "<group>";
		};
		6252F0D4199C24AD002ECE4D /* Classes */ = {
			isa = PBXGroup;
			children = (
				6252F0D5199C24AD002ECE4D /* Relayr.h */,
				6285F37719C1AF8E0097B299 /* Web */,
			);
			path = Classes;
			sourceTree = "<group>";
		};
		6252F0D6199C24AD002ECE4D /* Configuration */ = {
			isa = PBXGroup;
			children = (
				6252F0D8199C24AD002ECE4D /* iOS.xcconfig */,
				6252F0D7199C24AD002ECE4D /* Info.plist */,
			);
			path = Configuration;
			sourceTree = "<group>";
		};
		6252F0D9199C24C4002ECE4D /* Assets */ = {
			isa = PBXGroup;
			children = (
				6252F0DA199C24C4002ECE4D /* Storyboards */,
			);
			path = Assets;
			sourceTree = "<group>";
		};
		6252F0DA199C24C4002ECE4D /* Storyboards */ = {
			isa = PBXGroup;
			children = (
			);
			path = Storyboards;
			sourceTree = "<group>";
		};
		6252F0DB199C24C4002ECE4D /* Classes */ = {
			isa = PBXGroup;
			children = (
				6252F0DC199C24C4002ECE4D /* iOSRelayrTests.m */,
			);
			path = Classes;
			sourceTree = "<group>";
		};
		6252F0DD199C24C4002ECE4D /* Configuration */ = {
			isa = PBXGroup;
			children = (
				6252F0DE199C24C4002ECE4D /* Info.plist */,
			);
			path = Configuration;
			sourceTree = "<group>";
		};
		6252F0E6199C2AFB002ECE4D /* OSXRelayr */ = {
			isa = PBXGroup;
			children = (
				6252F0FD199C2BFC002ECE4D /* Assets */,
				6252F0FF199C2BFC002ECE4D /* Classes */,
				6252F101199C2BFC002ECE4D /* Configuration */,
			);
			path = OSXRelayr;
			sourceTree = "<group>";
		};
		6252F0F0199C2AFB002ECE4D /* OSXRelayrTests */ = {
			isa = PBXGroup;
			children = (
				6252F104199C2C0C002ECE4D /* Assets */,
				6252F106199C2C0C002ECE4D /* Classes */,
				6252F108199C2C0C002ECE4D /* Configuration */,
			);
			path = OSXRelayrTests;
			sourceTree = "<group>";
		};
		6252F0FD199C2BFC002ECE4D /* Assets */ = {
			isa = PBXGroup;
			children = (
				6252F0FE199C2BFC002ECE4D /* Storyboards */,
			);
			path = Assets;
			sourceTree = "<group>";
		};
		6252F0FE199C2BFC002ECE4D /* Storyboards */ = {
			isa = PBXGroup;
			children = (
			);
			path = Storyboards;
			sourceTree = "<group>";
		};
		6252F0FF199C2BFC002ECE4D /* Classes */ = {
			isa = PBXGroup;
			children = (
				6252F100199C2BFC002ECE4D /* Relayr.h */,
				6285F37D19C1B2700097B299 /* Web */,
			);
			path = Classes;
			sourceTree = "<group>";
		};
		6252F101199C2BFC002ECE4D /* Configuration */ = {
			isa = PBXGroup;
			children = (
				6252F103199C2BFC002ECE4D /* OSX.xcconfig */,
				6252F102199C2BFC002ECE4D /* Info.plist */,
			);
			path = Configuration;
			sourceTree = "<group>";
		};
		6252F104199C2C0C002ECE4D /* Assets */ = {
			isa = PBXGroup;
			children = (
				6252F105199C2C0C002ECE4D /* Storyboards */,
			);
			path = Assets;
			sourceTree = "<group>";
		};
		6252F105199C2C0C002ECE4D /* Storyboards */ = {
			isa = PBXGroup;
			children = (
			);
			path = Storyboards;
			sourceTree = "<group>";
		};
		6252F106199C2C0C002ECE4D /* Classes */ = {
			isa = PBXGroup;
			children = (
				6252F107199C2C0C002ECE4D /* OSXRelayrTests.m */,
			);
			path = Classes;
			sourceTree = "<group>";
		};
		6252F108199C2C0C002ECE4D /* Configuration */ = {
			isa = PBXGroup;
			children = (
				6252F10A199C2C0C002ECE4D /* Info.plist */,
			);
			path = Configuration;
			sourceTree = "<group>";
		};
		6285F37719C1AF8E0097B299 /* Web */ = {
			isa = PBXGroup;
			children = (
				6285F37819C1AF8E0097B299 /* Views */,
			);
			name = Web;
			path = "../../../../Apple-SDK/RelayrSDK/iOSRelayr/Classes/Web";
			sourceTree = "<group>";
		};
		6285F37819C1AF8E0097B299 /* Views */ = {
			isa = PBXGroup;
			children = (
				6285F37919C1AF8E0097B299 /* RLAWebOAuthControllerIOS.h */,
				6285F37A19C1AF8E0097B299 /* RLAWebOAuthControllerIOS.m */,
			);
			path = Views;
			sourceTree = "<group>";
		};
		6285F37D19C1B2700097B299 /* Web */ = {
			isa = PBXGroup;
			children = (
				6285F37E19C1B2700097B299 /* Views */,
			);
			name = Web;
			path = "../../../../Apple-SDK/RelayrSDK/OSXRelayr/Classes/Web";
			sourceTree = "<group>";
		};
		6285F37E19C1B2700097B299 /* Views */ = {
			isa = PBXGroup;
			children = (
				6285F37F19C1B2700097B299 /* RLAWebOAuthControllerOSX.h */,
				6285F38019C1B2700097B299 /* RLAWebOAuthControllerOSX.m */,
			);
			path = Views;
			sourceTree = "<group>";
		};
		62D1719419A65C98009BBED1 /* IoTs */ = {
			isa = PBXGroup;
			children = (
				62D1719D19A65D3B009BBED1 /* RelayrTransmitter.h */,
				62D1719E19A65D3B009BBED1 /* RelayrTransmitter.m */,
				62D1719919A65CCC009BBED1 /* RelayrDevice.h */,
				62D1719A19A65CCC009BBED1 /* RelayrDevice.m */,
				622CAFF619BCB02100F686B3 /* RelayrFirmware.h */,
				622CAFF719BCB02100F686B3 /* RelayrFirmware.m */,
				622CAFFC19BCB04B00F686B3 /* RelayrInput.h */,
				622CAFFD19BCB04B00F686B3 /* RelayrInput.m */,
				622CB00219BCB07200F686B3 /* RelayrOutput.h */,
				622CB00319BCB07200F686B3 /* RelayrOutput.m */,
				62732D4019C05A24000E9545 /* RelayrConnection.h */,
				62732D4119C05A24000E9545 /* RelayrConnection.m */,
			);
			path = IoTs;
			sourceTree = "<group>";
		};
		62D73C9A19B70B39006F417D /* IoTs */ = {
			isa = PBXGroup;
			children = (
				62D73C9B19B70CAB006F417D /* RelayrTransmitter_Setup.h */,
				62D73C9E19B718C8006F417D /* RelayrDevice_Setup.h */,
				62FDB16719BEF2DD00AE2A64 /* RelayrFirmware_Setup.h */,
				62FDB16A19BF050400AE2A64 /* RelayrInput_Setup.h */,
				62D0907119C0729900999142 /* RelayrConnection_Setup.h */,
			);
			path = IoTs;
			sourceTree = "<group>";
		};
		62E04C2C19A15046001FEDCD /* Web */ = {
			isa = PBXGroup;
			children = (
				62E04C3119A15520001FEDCD /* RLANetworkInfo.h */,
				62E04C3219A15520001FEDCD /* RLANetworkInfo.m */,
			);
			path = Web;
			sourceTree = "<group>";
		};
		62E04C3519A158CB001FEDCD /* Security */ = {
			isa = PBXGroup;
			children = (
				62E04C3619A158DF001FEDCD /* RLAKeyChain.h */,
				62E04C3719A158DF001FEDCD /* RLAKeyChain.m */,
			);
			path = Security;
			sourceTree = "<group>";
		};
		62E04C3A19A15CD6001FEDCD /* Public */ = {
			isa = PBXGroup;
			children = (
				62D1718619A62D63009BBED1 /* RelayrCloud.h */,
				62D1718719A62D63009BBED1 /* RelayrCloud.m */,
				62D1718A19A62E8D009BBED1 /* RelayrApp.h */,
				62D1718B19A62E8D009BBED1 /* RelayrApp.m */,
				62D1719519A65C98009BBED1 /* RelayrUser.h */,
				62D1719619A65C98009BBED1 /* RelayrUser.m */,
				6250E18919B50A0D003932AA /* RelayrPublisher.h */,
				6250E18A19B50A0D003932AA /* RelayrPublisher.m */,
				62D1719419A65C98009BBED1 /* IoTs */,
			);
			path = Public;
			sourceTree = "<group>";
		};
		62E87DD319AB2AAA00728AC6 /* CBasics */ = {
			isa = PBXGroup;
			children = (
				62E87DD419AB2AAA00728AC6 /* CDebug.h */,
				62E87DD519AB2AAA00728AC6 /* CMacros.h */,
				62E87DD619AB2AAA00728AC6 /* CMath.h */,
				62E87DD719AB2AAA00728AC6 /* CPlatforms.h */,
				62E87DD819AB2AAA00728AC6 /* CPlatforms_endianness.h */,
			);
			path = CBasics;
			sourceTree = "<group>";
		};
		62E87DE319AB311C00728AC6 /* Views */ = {
			isa = PBXGroup;
			children = (
				6272529919AC8573001265EB /* RLAWebOAuthController.h */,
				6272529A19AC8573001265EB /* RLAWebOAuthController.m */,
			);
			path = Views;
			sourceTree = "<group>";
		};
/* End PBXGroup section */

/* Begin PBXHeadersBuildPhase section */
		6252F0B0199C2465002ECE4D /* Headers */ = {
			isa = PBXHeadersBuildPhase;
			buildActionMask = 2147483647;
			files = (
				6252F0DF199C24E2002ECE4D /* Relayr.h in Headers */,
				62D1718819A62D63009BBED1 /* RelayrCloud.h in Headers */,
				62D1718C19A62E8D009BBED1 /* RelayrApp.h in Headers */,
				62D1719719A65C98009BBED1 /* RelayrUser.h in Headers */,
				6250E18B19B50A0D003932AA /* RelayrPublisher.h in Headers */,
				62D1719F19A65D3B009BBED1 /* RelayrTransmitter.h in Headers */,
				62D1719B19A65CCC009BBED1 /* RelayrDevice.h in Headers */,
				622CAFFE19BCB04B00F686B3 /* RelayrInput.h in Headers */,
				622CB00419BCB07200F686B3 /* RelayrOutput.h in Headers */,
				622CAFF819BCB02100F686B3 /* RelayrFirmware.h in Headers */,
				62732D4219C05A24000E9545 /* RelayrConnection.h in Headers */,
				6250E19319B51566003932AA /* RelayrApp_Setup.h in Headers */,
				622BA3BC19ABDC2800FD5C24 /* RelayrUser_Setup.h in Headers */,
				6250E19019B50AAD003932AA /* RelayrPublisher_Setup.h in Headers */,
				62D73C9C19B70CAB006F417D /* RelayrTransmitter_Setup.h in Headers */,
				62D73C9F19B718C8006F417D /* RelayrDevice_Setup.h in Headers */,
				62FDB16819BEF2DD00AE2A64 /* RelayrFirmware_Setup.h in Headers */,
				62FDB16B19BF050400AE2A64 /* RelayrInput_Setup.h in Headers */,
				62D0907219C0729900999142 /* RelayrConnection_Setup.h in Headers */,
				623F325119A7325300F774EB /* RLABluetoothService.h in Headers */,
				623F324D19A731B100F774EB /* RLAWebService.h in Headers */,
				6285F36119C1AA410097B299 /* RLAWebService+Cloud.h in Headers */,
				6285F35519C1A98B0097B299 /* RLAWebService+App.h in Headers */,
				6285F34F19C1A92D0097B299 /* RLAWebService+User.h in Headers */,
				6285F36719C1AA850097B299 /* RLAWebService+Publisher.h in Headers */,
				6285F36D19C1AAA70097B299 /* RLAWebService+Transmitter.h in Headers */,
				6285F37319C1AABA0097B299 /* RLAWebService+Device.h in Headers */,
				6272529819AC7B91001265EB /* RLAWebConstants.h in Headers */,
				623F325619A74C3600F774EB /* RLAWebRequest.h in Headers */,
				6272529B19AC8573001265EB /* RLAWebOAuthController.h in Headers */,
				6285F37B19C1AF8E0097B299 /* RLAWebOAuthControllerIOS.h in Headers */,
				626F613F19A4FFAF006EB510 /* RLAError.h in Headers */,
				626F614019A4FFAF006EB510 /* RLALog.h in Headers */,
				626F614319A506E8006EB510 /* RLAKeyChain.h in Headers */,
				62D1718519A603A3009BBED1 /* RLANetworkInfo.h in Headers */,
				62E87DDF19AB2AAA00728AC6 /* CPlatforms.h in Headers */,
				62E87DE119AB2AAA00728AC6 /* CPlatforms_endianness.h in Headers */,
				62E87DDB19AB2AAA00728AC6 /* CMacros.h in Headers */,
				62E87DDD19AB2AAA00728AC6 /* CMath.h in Headers */,
				62E87DD919AB2AAA00728AC6 /* CDebug.h in Headers */,
			);
			runOnlyForDeploymentPostprocessing = 0;
		};
		6252F0E2199C2AFA002ECE4D /* Headers */ = {
			isa = PBXHeadersBuildPhase;
			buildActionMask = 2147483647;
			files = (
				6252F10B199C2C3B002ECE4D /* Relayr.h in Headers */,
				623F325919A786BA00F774EB /* RelayrCloud.h in Headers */,
				623F325B19A786BE00F774EB /* RelayrApp.h in Headers */,
				623F326619A7871F00F774EB /* RelayrUser.h in Headers */,
				6250E18C19B50A0D003932AA /* RelayrPublisher.h in Headers */,
				623F326719A7872400F774EB /* RelayrTransmitter.h in Headers */,
				6250E19419B51566003932AA /* RelayrApp_Setup.h in Headers */,
				623F326819A7872700F774EB /* RelayrDevice.h in Headers */,
				622CAFFF19BCB04B00F686B3 /* RelayrInput.h in Headers */,
				622CB00519BCB07200F686B3 /* RelayrOutput.h in Headers */,
				622CAFF919BCB02100F686B3 /* RelayrFirmware.h in Headers */,
				62732D4319C05A24000E9545 /* RelayrConnection.h in Headers */,
				622BA3BD19ABDC2800FD5C24 /* RelayrUser_Setup.h in Headers */,
				6250E19119B50AAD003932AA /* RelayrPublisher_Setup.h in Headers */,
				62D73CA019B718C8006F417D /* RelayrDevice_Setup.h in Headers */,
				62D73C9D19B70CAB006F417D /* RelayrTransmitter_Setup.h in Headers */,
				62FDB16919BEF2DD00AE2A64 /* RelayrFirmware_Setup.h in Headers */,
				62FDB16C19BF050400AE2A64 /* RelayrInput_Setup.h in Headers */,
				62D0907319C0729900999142 /* RelayrConnection_Setup.h in Headers */,
				623F326919A7872D00F774EB /* RLABluetoothService.h in Headers */,
				623F326A19A7873100F774EB /* RLAWebService.h in Headers */,
				6285F36219C1AA410097B299 /* RLAWebService+Cloud.h in Headers */,
				6285F35619C1A98B0097B299 /* RLAWebService+App.h in Headers */,
				6285F35019C1A92D0097B299 /* RLAWebService+User.h in Headers */,
				6285F36819C1AA850097B299 /* RLAWebService+Publisher.h in Headers */,
				6285F36E19C1AAA70097B299 /* RLAWebService+Transmitter.h in Headers */,
				6285F37419C1AABA0097B299 /* RLAWebService+Device.h in Headers */,
				6272529719AC7B89001265EB /* RLAWebConstants.h in Headers */,
				623F326B19A7873300F774EB /* RLAWebRequest.h in Headers */,
				6272529C19AC8573001265EB /* RLAWebOAuthController.h in Headers */,
				6285F38119C1B2700097B299 /* RLAWebOAuthControllerOSX.h in Headers */,
				623F326F19A7874200F774EB /* RLANetworkInfo.h in Headers */,
				623F326C19A7873700F774EB /* RLAError.h in Headers */,
				623F326D19A7873A00F774EB /* RLALog.h in Headers */,
				623F326E19A7873D00F774EB /* RLAKeyChain.h in Headers */,
				62E87DE019AB2AAA00728AC6 /* CPlatforms.h in Headers */,
				62E87DE219AB2AAA00728AC6 /* CPlatforms_endianness.h in Headers */,
				62E87DDC19AB2AAA00728AC6 /* CMacros.h in Headers */,
				62E87DDE19AB2AAA00728AC6 /* CMath.h in Headers */,
				62E87DDA19AB2AAA00728AC6 /* CDebug.h in Headers */,
			);
			runOnlyForDeploymentPostprocessing = 0;
		};
/* End PBXHeadersBuildPhase section */

/* Begin PBXNativeTarget section */
		6252F0B2199C2465002ECE4D /* iOSRelayr */ = {
			isa = PBXNativeTarget;
			buildConfigurationList = 6252F0C4199C2465002ECE4D /* Build configuration list for PBXNativeTarget "iOSRelayr" */;
			buildPhases = (
				6252F0AE199C2465002ECE4D /* Sources */,
				6252F0AF199C2465002ECE4D /* Frameworks */,
				6252F0B0199C2465002ECE4D /* Headers */,
				6252F0B1199C2465002ECE4D /* Resources */,
				627252AA19ACB772001265EB /* ShellScript */,
			);
			buildRules = (
			);
			dependencies = (
			);
			name = iOSRelayr;
			productName = iOSRelayr;
			productReference = 6252F0B3199C2465002ECE4D /* Relayr.framework */;
			productType = "com.apple.product-type.framework";
		};
		6252F0BD199C2465002ECE4D /* iOSRelayrTests */ = {
			isa = PBXNativeTarget;
			buildConfigurationList = 6252F0C8199C2465002ECE4D /* Build configuration list for PBXNativeTarget "iOSRelayrTests" */;
			buildPhases = (
				6252F0BA199C2465002ECE4D /* Sources */,
				6252F0BB199C2465002ECE4D /* Frameworks */,
				6252F0BC199C2465002ECE4D /* Resources */,
			);
			buildRules = (
			);
			dependencies = (
			);
			name = iOSRelayrTests;
			productName = iOSRelayrTests;
			productReference = 6252F0BE199C2465002ECE4D /* iOSRelayrTests.xctest */;
			productType = "com.apple.product-type.bundle.unit-test";
		};
		6252F0E4199C2AFA002ECE4D /* OSXRelayr */ = {
			isa = PBXNativeTarget;
			buildConfigurationList = 6252F0F5199C2AFB002ECE4D /* Build configuration list for PBXNativeTarget "OSXRelayr" */;
			buildPhases = (
				6252F0E0199C2AFA002ECE4D /* Sources */,
				6252F0E1199C2AFA002ECE4D /* Frameworks */,
				6252F0E2199C2AFA002ECE4D /* Headers */,
				6252F0E3199C2AFA002ECE4D /* Resources */,
				627252AB19ACB817001265EB /* ShellScript */,
			);
			buildRules = (
			);
			dependencies = (
			);
			name = OSXRelayr;
			productName = OSXRelayr;
			productReference = 6252F0E5199C2AFA002ECE4D /* Relayr.framework */;
			productType = "com.apple.product-type.framework";
		};
		6252F0EE199C2AFB002ECE4D /* OSXRelayrTests */ = {
			isa = PBXNativeTarget;
			buildConfigurationList = 6252F0F9199C2AFB002ECE4D /* Build configuration list for PBXNativeTarget "OSXRelayrTests" */;
			buildPhases = (
				6252F0EB199C2AFB002ECE4D /* Sources */,
				6252F0EC199C2AFB002ECE4D /* Frameworks */,
				6252F0ED199C2AFB002ECE4D /* Resources */,
			);
			buildRules = (
			);
			dependencies = (
			);
			name = OSXRelayrTests;
			productName = OSXRelayrTests;
			productReference = 6252F0EF199C2AFB002ECE4D /* OSXRelayrTests.xctest */;
			productType = "com.apple.product-type.bundle.unit-test";
		};
/* End PBXNativeTarget section */

/* Begin PBXProject section */
		6252F0A7199C243D002ECE4D /* Project object */ = {
			isa = PBXProject;
			attributes = {
				LastUpgradeCheck = 0600;
				TargetAttributes = {
					6252F0B2199C2465002ECE4D = {
						CreatedOnToolsVersion = 6.0;
						DevelopmentTeam = V4LZL56CA7;
					};
					6252F0BD199C2465002ECE4D = {
						CreatedOnToolsVersion = 6.0;
					};
					6252F0E4199C2AFA002ECE4D = {
						CreatedOnToolsVersion = 6.0;
					};
					6252F0EE199C2AFB002ECE4D = {
						CreatedOnToolsVersion = 6.0;
					};
				};
			};
			buildConfigurationList = 6252F0AA199C243D002ECE4D /* Build configuration list for PBXProject "RelayrSDK" */;
			compatibilityVersion = "Xcode 3.2";
			developmentRegion = English;
			hasScannedForEncodings = 0;
			knownRegions = (
				en,
			);
			mainGroup = 6252F0A6199C243D002ECE4D;
			productRefGroup = 6252F0B4199C2465002ECE4D /* Products */;
			projectDirPath = "";
			projectRoot = "";
			targets = (
				6252F0B2199C2465002ECE4D /* iOSRelayr */,
				6252F0BD199C2465002ECE4D /* iOSRelayrTests */,
				6252F0E4199C2AFA002ECE4D /* OSXRelayr */,
				6252F0EE199C2AFB002ECE4D /* OSXRelayrTests */,
			);
		};
/* End PBXProject section */

/* Begin PBXResourcesBuildPhase section */
		6252F0B1199C2465002ECE4D /* Resources */ = {
			isa = PBXResourcesBuildPhase;
			buildActionMask = 2147483647;
			files = (
			);
			runOnlyForDeploymentPostprocessing = 0;
		};
		6252F0BC199C2465002ECE4D /* Resources */ = {
			isa = PBXResourcesBuildPhase;
			buildActionMask = 2147483647;
			files = (
				621A6AA8199CC4720004F9FD /* Common.xcconfig in Resources */,
			);
			runOnlyForDeploymentPostprocessing = 0;
		};
		6252F0E3199C2AFA002ECE4D /* Resources */ = {
			isa = PBXResourcesBuildPhase;
			buildActionMask = 2147483647;
			files = (
			);
			runOnlyForDeploymentPostprocessing = 0;
		};
		6252F0ED199C2AFB002ECE4D /* Resources */ = {
			isa = PBXResourcesBuildPhase;
			buildActionMask = 2147483647;
			files = (
				621A6AA9199CC4720004F9FD /* Common.xcconfig in Resources */,
			);
			runOnlyForDeploymentPostprocessing = 0;
		};
/* End PBXResourcesBuildPhase section */

/* Begin PBXShellScriptBuildPhase section */
		627252AA19ACB772001265EB /* ShellScript */ = {
			isa = PBXShellScriptBuildPhase;
			buildActionMask = 2147483647;
			files = (
			);
			inputPaths = (
			);
			outputPaths = (
			);
			runOnlyForDeploymentPostprocessing = 0;
			shellPath = /bin/sh;
			shellScript = "KEYWORDS=\"TODO|FIXME|\\?\\?\\?:|\\!\\!\\!:\"\nfind \"${SRCROOT}\" \\( -name \"*.h\" -or -name \"*.m\" \\) -and \\( -path \"${SRCROOT}/Pods/*\" -prune -o -print0 \\) | xargs -0 egrep --with-filename --line-number --only-matching \"($KEYWORDS).*\\$\" | perl -p -e \"s/($KEYWORDS)/ warning: \\$1/\"";
		};
		627252AB19ACB817001265EB /* ShellScript */ = {
			isa = PBXShellScriptBuildPhase;
			buildActionMask = 2147483647;
			files = (
			);
			inputPaths = (
			);
			outputPaths = (
			);
			runOnlyForDeploymentPostprocessing = 0;
			shellPath = /bin/sh;
			shellScript = "KEYWORDS=\"TODO|FIXME|\\?\\?\\?:|\\!\\!\\!:\"\nfind \"${SRCROOT}\" \\( -name \"*.h\" -or -name \"*.m\" \\) -and \\( -path \"${SRCROOT}/Pods/*\" -prune -o -print0 \\) | xargs -0 egrep --with-filename --line-number --only-matching \"($KEYWORDS).*\\$\" | perl -p -e \"s/($KEYWORDS)/ warning: \\$1/\"";
		};
/* End PBXShellScriptBuildPhase section */

/* Begin PBXSourcesBuildPhase section */
		6252F0AE199C2465002ECE4D /* Sources */ = {
			isa = PBXSourcesBuildPhase;
			buildActionMask = 2147483647;
			files = (
				6285F37519C1AABA0097B299 /* RLAWebService+Device.m in Sources */,
				62D1718919A62D63009BBED1 /* RelayrCloud.m in Sources */,
				62D1718D19A62E8D009BBED1 /* RelayrApp.m in Sources */,
				6285F36319C1AA410097B299 /* RLAWebService+Cloud.m in Sources */,
				62732D4419C05A24000E9545 /* RelayrConnection.m in Sources */,
				6285F36919C1AA850097B299 /* RLAWebService+Publisher.m in Sources */,
				6285F35119C1A92D0097B299 /* RLAWebService+User.m in Sources */,
				6285F35719C1A98B0097B299 /* RLAWebService+App.m in Sources */,
				6285F37C19C1AF8E0097B299 /* RLAWebOAuthControllerIOS.m in Sources */,
				62D1719819A65C98009BBED1 /* RelayrUser.m in Sources */,
				62D1719C19A65CCC009BBED1 /* RelayrDevice.m in Sources */,
				62D171A019A65D3B009BBED1 /* RelayrTransmitter.m in Sources */,
				622CB00019BCB04B00F686B3 /* RelayrInput.m in Sources */,
				623F325219A7325300F774EB /* RLABluetoothService.m in Sources */,
				6285F36F19C1AAA70097B299 /* RLAWebService+Transmitter.m in Sources */,
				623F324E19A731B100F774EB /* RLAWebService.m in Sources */,
				622CAFFA19BCB02100F686B3 /* RelayrFirmware.m in Sources */,
				623F325719A74C3600F774EB /* RLAWebRequest.m in Sources */,
				6272529D19AC8573001265EB /* RLAWebOAuthController.m in Sources */,
				627467E119A4F482005F1437 /* RLAError.m in Sources */,
				622CB00619BCB07200F686B3 /* RelayrOutput.m in Sources */,
				621F3E5119A4FBAF004E3156 /* RLALog.m in Sources */,
				626F614219A506E4006EB510 /* RLAKeyChain.m in Sources */,
				62D1718419A6039F009BBED1 /* RLANetworkInfo.m in Sources */,
				6250E18D19B50A0D003932AA /* RelayrPublisher.m in Sources */,
			);
			runOnlyForDeploymentPostprocessing = 0;
		};
		6252F0BA199C2465002ECE4D /* Sources */ = {
			isa = PBXSourcesBuildPhase;
			buildActionMask = 2147483647;
			files = (
				62925939199CB3EF0079D5A7 /* iOSRelayrTests.m in Sources */,
			);
			runOnlyForDeploymentPostprocessing = 0;
		};
		6252F0E0199C2AFA002ECE4D /* Sources */ = {
			isa = PBXSourcesBuildPhase;
			buildActionMask = 2147483647;
			files = (
				6285F37619C1AABA0097B299 /* RLAWebService+Device.m in Sources */,
				623F325819A786B700F774EB /* RelayrCloud.m in Sources */,
				623F325A19A786BC00F774EB /* RelayrApp.m in Sources */,
				6285F38219C1B2700097B299 /* RLAWebOAuthControllerOSX.m in Sources */,
				6285F36419C1AA410097B299 /* RLAWebService+Cloud.m in Sources */,
				62732D4519C05A24000E9545 /* RelayrConnection.m in Sources */,
				6285F36A19C1AA850097B299 /* RLAWebService+Publisher.m in Sources */,
				6285F35219C1A92D0097B299 /* RLAWebService+User.m in Sources */,
				6285F35819C1A98B0097B299 /* RLAWebService+App.m in Sources */,
				623F325C19A786C600F774EB /* RelayrUser.m in Sources */,
				623F325D19A786CE00F774EB /* RelayrDevice.m in Sources */,
				623F325E19A786D000F774EB /* RelayrTransmitter.m in Sources */,
				622CB00119BCB04B00F686B3 /* RelayrInput.m in Sources */,
				623F326119A786EE00F774EB /* RLABluetoothService.m in Sources */,
				6285F37019C1AAA70097B299 /* RLAWebService+Transmitter.m in Sources */,
				623F325F19A786D800F774EB /* RLAWebService.m in Sources */,
				622CAFFB19BCB02100F686B3 /* RelayrFirmware.m in Sources */,
				623F326019A786DB00F774EB /* RLAWebRequest.m in Sources */,
				6272529E19AC8573001265EB /* RLAWebOAuthController.m in Sources */,
				623F326519A7871000F774EB /* RLANetworkInfo.m in Sources */,
				622CB00719BCB07200F686B3 /* RelayrOutput.m in Sources */,
				623F326419A7870D00F774EB /* RLAKeyChain.m in Sources */,
				623F326219A786FC00F774EB /* RLAError.m in Sources */,
				623F326319A7870000F774EB /* RLALog.m in Sources */,
				6250E18E19B50A0D003932AA /* RelayrPublisher.m in Sources */,
			);
			runOnlyForDeploymentPostprocessing = 0;
		};
		6252F0EB199C2AFB002ECE4D /* Sources */ = {
			isa = PBXSourcesBuildPhase;
			buildActionMask = 2147483647;
			files = (
				6252F10C199C2C7F002ECE4D /* OSXRelayrTests.m in Sources */,
			);
			runOnlyForDeploymentPostprocessing = 0;
		};
/* End PBXSourcesBuildPhase section */

/* Begin XCBuildConfiguration section */
		6252F0AB199C243D002ECE4D /* Debug */ = {
			isa = XCBuildConfiguration;
			buildSettings = {
				CLANG_WARN_DOCUMENTATION_COMMENTS = YES;
			};
			name = Debug;
		};
		6252F0AC199C243D002ECE4D /* Release */ = {
			isa = XCBuildConfiguration;
			buildSettings = {
				CLANG_WARN_DOCUMENTATION_COMMENTS = YES;
			};
			name = Release;
		};
		6252F0AD199C2443002ECE4D /* Distribution */ = {
			isa = XCBuildConfiguration;
			buildSettings = {
				CLANG_WARN_DOCUMENTATION_COMMENTS = YES;
			};
			name = Distribution;
		};
		6252F0C5199C2465002ECE4D /* Debug */ = {
			isa = XCBuildConfiguration;
			baseConfigurationReference = 6252F0D8199C24AD002ECE4D /* iOS.xcconfig */;
			buildSettings = {
				ALWAYS_SEARCH_USER_PATHS = NO;
				CLANG_CXX_LANGUAGE_STANDARD = "gnu++0x";
				CLANG_CXX_LIBRARY = "libc++";
				CLANG_ENABLE_MODULES = YES;
				CLANG_ENABLE_OBJC_ARC = YES;
				CLANG_WARN_BOOL_CONVERSION = YES;
				CLANG_WARN_CONSTANT_CONVERSION = YES;
				CLANG_WARN_DIRECT_OBJC_ISA_USAGE = YES_ERROR;
				CLANG_WARN_EMPTY_BODY = YES;
				CLANG_WARN_ENUM_CONVERSION = YES;
				CLANG_WARN_INT_CONVERSION = YES;
				CLANG_WARN_OBJC_ROOT_CLASS = YES_ERROR;
				CLANG_WARN_UNREACHABLE_CODE = YES;
				CLANG_WARN__DUPLICATE_METHOD_MATCH = YES;
				CODE_SIGN_IDENTITY = "iPhone Developer";
				"CODE_SIGN_IDENTITY[sdk=iphoneos*]" = "iPhone Developer";
				COPY_PHASE_STRIP = NO;
				DEFINES_MODULE = YES;
				DYLIB_INSTALL_NAME_BASE = "@rpath";
				ENABLE_STRICT_OBJC_MSGSEND = YES;
				GCC_C_LANGUAGE_STANDARD = c11;
				GCC_OPTIMIZATION_LEVEL = 0;
				GCC_PREPROCESSOR_DEFINITIONS = (
					"DEBUG=1",
					"$(inherited)",
				);
				GCC_WARN_64_TO_32_BIT_CONVERSION = YES;
				GCC_WARN_ABOUT_RETURN_TYPE = YES_ERROR;
				GCC_WARN_UNDECLARED_SELECTOR = YES;
				GCC_WARN_UNINITIALIZED_AUTOS = YES_AGGRESSIVE;
				GCC_WARN_UNUSED_FUNCTION = YES;
				GCC_WARN_UNUSED_VARIABLE = YES;
				INSTALL_PATH = "$(LOCAL_LIBRARY_DIR)/Frameworks";
				IPHONEOS_DEPLOYMENT_TARGET = 8.0;
				LD_RUNPATH_SEARCH_PATHS = "$(inherited) @executable_path/Frameworks @loader_path/Frameworks";
				MTL_ENABLE_DEBUG_INFO = YES;
				ONLY_ACTIVE_ARCH = YES;
				SDKROOT = iphoneos;
				SKIP_INSTALL = YES;
				TARGETED_DEVICE_FAMILY = "1,2";
				VERSIONING_SYSTEM = "apple-generic";
			};
			name = Debug;
		};
		6252F0C6199C2465002ECE4D /* Release */ = {
			isa = XCBuildConfiguration;
			baseConfigurationReference = 6252F0D8199C24AD002ECE4D /* iOS.xcconfig */;
			buildSettings = {
				ALWAYS_SEARCH_USER_PATHS = NO;
				CLANG_CXX_LANGUAGE_STANDARD = "gnu++0x";
				CLANG_CXX_LIBRARY = "libc++";
				CLANG_ENABLE_MODULES = YES;
				CLANG_ENABLE_OBJC_ARC = YES;
				CLANG_WARN_BOOL_CONVERSION = YES;
				CLANG_WARN_CONSTANT_CONVERSION = YES;
				CLANG_WARN_DIRECT_OBJC_ISA_USAGE = YES_ERROR;
				CLANG_WARN_EMPTY_BODY = YES;
				CLANG_WARN_ENUM_CONVERSION = YES;
				CLANG_WARN_INT_CONVERSION = YES;
				CLANG_WARN_OBJC_ROOT_CLASS = YES_ERROR;
				CLANG_WARN_UNREACHABLE_CODE = YES;
				CLANG_WARN__DUPLICATE_METHOD_MATCH = YES;
				CODE_SIGN_IDENTITY = "iPhone Developer";
				"CODE_SIGN_IDENTITY[sdk=iphoneos*]" = "iPhone Developer";
				COPY_PHASE_STRIP = YES;
				DEFINES_MODULE = YES;
				DYLIB_INSTALL_NAME_BASE = "@rpath";
				ENABLE_NS_ASSERTIONS = NO;
				ENABLE_STRICT_OBJC_MSGSEND = YES;
				GCC_C_LANGUAGE_STANDARD = c11;
				GCC_WARN_64_TO_32_BIT_CONVERSION = YES;
				GCC_WARN_ABOUT_RETURN_TYPE = YES_ERROR;
				GCC_WARN_UNDECLARED_SELECTOR = YES;
				GCC_WARN_UNINITIALIZED_AUTOS = YES_AGGRESSIVE;
				GCC_WARN_UNUSED_FUNCTION = YES;
				GCC_WARN_UNUSED_VARIABLE = YES;
				INSTALL_PATH = "$(LOCAL_LIBRARY_DIR)/Frameworks";
				IPHONEOS_DEPLOYMENT_TARGET = 8.0;
				LD_RUNPATH_SEARCH_PATHS = "$(inherited) @executable_path/Frameworks @loader_path/Frameworks";
				MTL_ENABLE_DEBUG_INFO = NO;
				SDKROOT = iphoneos;
				SKIP_INSTALL = YES;
				TARGETED_DEVICE_FAMILY = "1,2";
				VALIDATE_PRODUCT = YES;
				VERSIONING_SYSTEM = "apple-generic";
			};
			name = Release;
		};
		6252F0C7199C2465002ECE4D /* Distribution */ = {
			isa = XCBuildConfiguration;
			baseConfigurationReference = 6252F0D8199C24AD002ECE4D /* iOS.xcconfig */;
			buildSettings = {
				ALWAYS_SEARCH_USER_PATHS = NO;
				CLANG_CXX_LANGUAGE_STANDARD = "gnu++0x";
				CLANG_CXX_LIBRARY = "libc++";
				CLANG_ENABLE_MODULES = YES;
				CLANG_ENABLE_OBJC_ARC = YES;
				CLANG_WARN_BOOL_CONVERSION = YES;
				CLANG_WARN_CONSTANT_CONVERSION = YES;
				CLANG_WARN_DIRECT_OBJC_ISA_USAGE = YES_ERROR;
				CLANG_WARN_EMPTY_BODY = YES;
				CLANG_WARN_ENUM_CONVERSION = YES;
				CLANG_WARN_INT_CONVERSION = YES;
				CLANG_WARN_OBJC_ROOT_CLASS = YES_ERROR;
				CLANG_WARN_UNREACHABLE_CODE = YES;
				CLANG_WARN__DUPLICATE_METHOD_MATCH = YES;
				CODE_SIGN_IDENTITY = "iPhone Developer";
				"CODE_SIGN_IDENTITY[sdk=iphoneos*]" = "iPhone Distribution";
				COPY_PHASE_STRIP = YES;
				DEFINES_MODULE = YES;
				DYLIB_INSTALL_NAME_BASE = "@rpath";
				ENABLE_NS_ASSERTIONS = NO;
				ENABLE_STRICT_OBJC_MSGSEND = YES;
				GCC_C_LANGUAGE_STANDARD = c11;
				GCC_WARN_64_TO_32_BIT_CONVERSION = YES;
				GCC_WARN_ABOUT_RETURN_TYPE = YES_ERROR;
				GCC_WARN_UNDECLARED_SELECTOR = YES;
				GCC_WARN_UNINITIALIZED_AUTOS = YES_AGGRESSIVE;
				GCC_WARN_UNUSED_FUNCTION = YES;
				GCC_WARN_UNUSED_VARIABLE = YES;
				INSTALL_PATH = "$(LOCAL_LIBRARY_DIR)/Frameworks";
				IPHONEOS_DEPLOYMENT_TARGET = 8.0;
				LD_RUNPATH_SEARCH_PATHS = "$(inherited) @executable_path/Frameworks @loader_path/Frameworks";
				MTL_ENABLE_DEBUG_INFO = NO;
				SDKROOT = iphoneos;
				SKIP_INSTALL = YES;
				TARGETED_DEVICE_FAMILY = "1,2";
				VALIDATE_PRODUCT = YES;
				VERSIONING_SYSTEM = "apple-generic";
			};
			name = Distribution;
		};
		6252F0C9199C2465002ECE4D /* Debug */ = {
			isa = XCBuildConfiguration;
			buildSettings = {
				ALWAYS_SEARCH_USER_PATHS = NO;
				CLANG_CXX_LANGUAGE_STANDARD = "gnu++0x";
				CLANG_CXX_LIBRARY = "libc++";
				CLANG_ENABLE_MODULES = YES;
				CLANG_ENABLE_OBJC_ARC = YES;
				CLANG_WARN_BOOL_CONVERSION = YES;
				CLANG_WARN_CONSTANT_CONVERSION = YES;
				CLANG_WARN_DIRECT_OBJC_ISA_USAGE = YES_ERROR;
				CLANG_WARN_EMPTY_BODY = YES;
				CLANG_WARN_ENUM_CONVERSION = YES;
				CLANG_WARN_INT_CONVERSION = YES;
				CLANG_WARN_OBJC_ROOT_CLASS = YES_ERROR;
				CLANG_WARN_UNREACHABLE_CODE = YES;
				CLANG_WARN__DUPLICATE_METHOD_MATCH = YES;
				COPY_PHASE_STRIP = NO;
				ENABLE_STRICT_OBJC_MSGSEND = YES;
				FRAMEWORK_SEARCH_PATHS = (
					"$(SDKROOT)/Developer/Library/Frameworks",
					"$(inherited)",
				);
				GCC_C_LANGUAGE_STANDARD = gnu99;
				GCC_DYNAMIC_NO_PIC = NO;
				GCC_OPTIMIZATION_LEVEL = 0;
				GCC_PREPROCESSOR_DEFINITIONS = (
					"DEBUG=1",
					"$(inherited)",
				);
				GCC_SYMBOLS_PRIVATE_EXTERN = NO;
				GCC_WARN_64_TO_32_BIT_CONVERSION = YES;
				GCC_WARN_ABOUT_RETURN_TYPE = YES_ERROR;
				GCC_WARN_UNDECLARED_SELECTOR = YES;
				GCC_WARN_UNINITIALIZED_AUTOS = YES_AGGRESSIVE;
				GCC_WARN_UNUSED_FUNCTION = YES;
				GCC_WARN_UNUSED_VARIABLE = YES;
				INFOPLIST_FILE = iOSRelayrTests/Configuration/Info.plist;
				IPHONEOS_DEPLOYMENT_TARGET = 8.0;
				LD_RUNPATH_SEARCH_PATHS = "$(inherited) @executable_path/Frameworks @loader_path/Frameworks";
				MTL_ENABLE_DEBUG_INFO = YES;
				ONLY_ACTIVE_ARCH = YES;
				PRODUCT_NAME = "$(TARGET_NAME)";
				SDKROOT = iphoneos;
			};
			name = Debug;
		};
		6252F0CA199C2465002ECE4D /* Release */ = {
			isa = XCBuildConfiguration;
			buildSettings = {
				ALWAYS_SEARCH_USER_PATHS = NO;
				CLANG_CXX_LANGUAGE_STANDARD = "gnu++0x";
				CLANG_CXX_LIBRARY = "libc++";
				CLANG_ENABLE_MODULES = YES;
				CLANG_ENABLE_OBJC_ARC = YES;
				CLANG_WARN_BOOL_CONVERSION = YES;
				CLANG_WARN_CONSTANT_CONVERSION = YES;
				CLANG_WARN_DIRECT_OBJC_ISA_USAGE = YES_ERROR;
				CLANG_WARN_EMPTY_BODY = YES;
				CLANG_WARN_ENUM_CONVERSION = YES;
				CLANG_WARN_INT_CONVERSION = YES;
				CLANG_WARN_OBJC_ROOT_CLASS = YES_ERROR;
				CLANG_WARN_UNREACHABLE_CODE = YES;
				CLANG_WARN__DUPLICATE_METHOD_MATCH = YES;
				COPY_PHASE_STRIP = YES;
				ENABLE_NS_ASSERTIONS = NO;
				ENABLE_STRICT_OBJC_MSGSEND = YES;
				FRAMEWORK_SEARCH_PATHS = (
					"$(SDKROOT)/Developer/Library/Frameworks",
					"$(inherited)",
				);
				GCC_C_LANGUAGE_STANDARD = gnu99;
				GCC_WARN_64_TO_32_BIT_CONVERSION = YES;
				GCC_WARN_ABOUT_RETURN_TYPE = YES_ERROR;
				GCC_WARN_UNDECLARED_SELECTOR = YES;
				GCC_WARN_UNINITIALIZED_AUTOS = YES_AGGRESSIVE;
				GCC_WARN_UNUSED_FUNCTION = YES;
				GCC_WARN_UNUSED_VARIABLE = YES;
				INFOPLIST_FILE = iOSRelayrTests/Configuration/Info.plist;
				IPHONEOS_DEPLOYMENT_TARGET = 8.0;
				LD_RUNPATH_SEARCH_PATHS = "$(inherited) @executable_path/Frameworks @loader_path/Frameworks";
				MTL_ENABLE_DEBUG_INFO = NO;
				PRODUCT_NAME = "$(TARGET_NAME)";
				SDKROOT = iphoneos;
				VALIDATE_PRODUCT = YES;
			};
			name = Release;
		};
		6252F0CB199C2465002ECE4D /* Distribution */ = {
			isa = XCBuildConfiguration;
			buildSettings = {
				ALWAYS_SEARCH_USER_PATHS = NO;
				CLANG_CXX_LANGUAGE_STANDARD = "gnu++0x";
				CLANG_CXX_LIBRARY = "libc++";
				CLANG_ENABLE_MODULES = YES;
				CLANG_ENABLE_OBJC_ARC = YES;
				CLANG_WARN_BOOL_CONVERSION = YES;
				CLANG_WARN_CONSTANT_CONVERSION = YES;
				CLANG_WARN_DIRECT_OBJC_ISA_USAGE = YES_ERROR;
				CLANG_WARN_EMPTY_BODY = YES;
				CLANG_WARN_ENUM_CONVERSION = YES;
				CLANG_WARN_INT_CONVERSION = YES;
				CLANG_WARN_OBJC_ROOT_CLASS = YES_ERROR;
				CLANG_WARN_UNREACHABLE_CODE = YES;
				CLANG_WARN__DUPLICATE_METHOD_MATCH = YES;
				COPY_PHASE_STRIP = YES;
				ENABLE_NS_ASSERTIONS = NO;
				ENABLE_STRICT_OBJC_MSGSEND = YES;
				FRAMEWORK_SEARCH_PATHS = (
					"$(SDKROOT)/Developer/Library/Frameworks",
					"$(inherited)",
				);
				GCC_C_LANGUAGE_STANDARD = gnu99;
				GCC_WARN_64_TO_32_BIT_CONVERSION = YES;
				GCC_WARN_ABOUT_RETURN_TYPE = YES_ERROR;
				GCC_WARN_UNDECLARED_SELECTOR = YES;
				GCC_WARN_UNINITIALIZED_AUTOS = YES_AGGRESSIVE;
				GCC_WARN_UNUSED_FUNCTION = YES;
				GCC_WARN_UNUSED_VARIABLE = YES;
				INFOPLIST_FILE = iOSRelayrTests/Configuration/Info.plist;
				IPHONEOS_DEPLOYMENT_TARGET = 8.0;
				LD_RUNPATH_SEARCH_PATHS = "$(inherited) @executable_path/Frameworks @loader_path/Frameworks";
				MTL_ENABLE_DEBUG_INFO = NO;
				PRODUCT_NAME = "$(TARGET_NAME)";
				SDKROOT = iphoneos;
				VALIDATE_PRODUCT = YES;
			};
			name = Distribution;
		};
		6252F0F6199C2AFB002ECE4D /* Debug */ = {
			isa = XCBuildConfiguration;
			baseConfigurationReference = 6252F103199C2BFC002ECE4D /* OSX.xcconfig */;
			buildSettings = {
				ALWAYS_SEARCH_USER_PATHS = NO;
				CLANG_CXX_LANGUAGE_STANDARD = "gnu++0x";
				CLANG_CXX_LIBRARY = "libc++";
				CLANG_ENABLE_MODULES = YES;
				CLANG_ENABLE_OBJC_ARC = YES;
				CLANG_WARN_BOOL_CONVERSION = YES;
				CLANG_WARN_CONSTANT_CONVERSION = YES;
				CLANG_WARN_DIRECT_OBJC_ISA_USAGE = YES_ERROR;
				CLANG_WARN_EMPTY_BODY = YES;
				CLANG_WARN_ENUM_CONVERSION = YES;
				CLANG_WARN_INT_CONVERSION = YES;
				CLANG_WARN_OBJC_ROOT_CLASS = YES_ERROR;
				CLANG_WARN_UNREACHABLE_CODE = YES;
				CLANG_WARN__DUPLICATE_METHOD_MATCH = YES;
				COMBINE_HIDPI_IMAGES = YES;
				COPY_PHASE_STRIP = NO;
				DEFINES_MODULE = YES;
				DYLIB_INSTALL_NAME_BASE = "@rpath";
				ENABLE_STRICT_OBJC_MSGSEND = YES;
				GCC_C_LANGUAGE_STANDARD = c11;
				GCC_DYNAMIC_NO_PIC = NO;
				GCC_OPTIMIZATION_LEVEL = 0;
				GCC_PREPROCESSOR_DEFINITIONS = (
					"DEBUG=1",
					"$(inherited)",
				);
				GCC_SYMBOLS_PRIVATE_EXTERN = NO;
				GCC_WARN_64_TO_32_BIT_CONVERSION = YES;
				GCC_WARN_ABOUT_RETURN_TYPE = YES_ERROR;
				GCC_WARN_UNDECLARED_SELECTOR = YES;
				GCC_WARN_UNINITIALIZED_AUTOS = YES_AGGRESSIVE;
				GCC_WARN_UNUSED_FUNCTION = YES;
				GCC_WARN_UNUSED_VARIABLE = YES;
				INSTALL_PATH = "$(LOCAL_LIBRARY_DIR)/Frameworks";
				LD_RUNPATH_SEARCH_PATHS = "$(inherited) @executable_path/../Frameworks @loader_path/Frameworks";
				MTL_ENABLE_DEBUG_INFO = YES;
				ONLY_ACTIVE_ARCH = YES;
				SDKROOT = macosx;
				SKIP_INSTALL = YES;
				VERSIONING_SYSTEM = "apple-generic";
			};
			name = Debug;
		};
		6252F0F7199C2AFB002ECE4D /* Release */ = {
			isa = XCBuildConfiguration;
			baseConfigurationReference = 6252F103199C2BFC002ECE4D /* OSX.xcconfig */;
			buildSettings = {
				ALWAYS_SEARCH_USER_PATHS = NO;
				CLANG_CXX_LANGUAGE_STANDARD = "gnu++0x";
				CLANG_CXX_LIBRARY = "libc++";
				CLANG_ENABLE_MODULES = YES;
				CLANG_ENABLE_OBJC_ARC = YES;
				CLANG_WARN_BOOL_CONVERSION = YES;
				CLANG_WARN_CONSTANT_CONVERSION = YES;
				CLANG_WARN_DIRECT_OBJC_ISA_USAGE = YES_ERROR;
				CLANG_WARN_EMPTY_BODY = YES;
				CLANG_WARN_ENUM_CONVERSION = YES;
				CLANG_WARN_INT_CONVERSION = YES;
				CLANG_WARN_OBJC_ROOT_CLASS = YES_ERROR;
				CLANG_WARN_UNREACHABLE_CODE = YES;
				CLANG_WARN__DUPLICATE_METHOD_MATCH = YES;
				COMBINE_HIDPI_IMAGES = YES;
				COPY_PHASE_STRIP = YES;
				DEBUG_INFORMATION_FORMAT = "dwarf-with-dsym";
				DEFINES_MODULE = YES;
				DYLIB_INSTALL_NAME_BASE = "@rpath";
				ENABLE_NS_ASSERTIONS = NO;
				ENABLE_STRICT_OBJC_MSGSEND = YES;
				GCC_C_LANGUAGE_STANDARD = c11;
				GCC_WARN_64_TO_32_BIT_CONVERSION = YES;
				GCC_WARN_ABOUT_RETURN_TYPE = YES_ERROR;
				GCC_WARN_UNDECLARED_SELECTOR = YES;
				GCC_WARN_UNINITIALIZED_AUTOS = YES_AGGRESSIVE;
				GCC_WARN_UNUSED_FUNCTION = YES;
				GCC_WARN_UNUSED_VARIABLE = YES;
				INSTALL_PATH = "$(LOCAL_LIBRARY_DIR)/Frameworks";
				LD_RUNPATH_SEARCH_PATHS = "$(inherited) @executable_path/../Frameworks @loader_path/Frameworks";
				MTL_ENABLE_DEBUG_INFO = NO;
				SDKROOT = macosx;
				SKIP_INSTALL = YES;
				VERSIONING_SYSTEM = "apple-generic";
			};
			name = Release;
		};
		6252F0F8199C2AFB002ECE4D /* Distribution */ = {
			isa = XCBuildConfiguration;
			baseConfigurationReference = 6252F103199C2BFC002ECE4D /* OSX.xcconfig */;
			buildSettings = {
				ALWAYS_SEARCH_USER_PATHS = NO;
				CLANG_CXX_LANGUAGE_STANDARD = "gnu++0x";
				CLANG_CXX_LIBRARY = "libc++";
				CLANG_ENABLE_MODULES = YES;
				CLANG_ENABLE_OBJC_ARC = YES;
				CLANG_WARN_BOOL_CONVERSION = YES;
				CLANG_WARN_CONSTANT_CONVERSION = YES;
				CLANG_WARN_DIRECT_OBJC_ISA_USAGE = YES_ERROR;
				CLANG_WARN_EMPTY_BODY = YES;
				CLANG_WARN_ENUM_CONVERSION = YES;
				CLANG_WARN_INT_CONVERSION = YES;
				CLANG_WARN_OBJC_ROOT_CLASS = YES_ERROR;
				CLANG_WARN_UNREACHABLE_CODE = YES;
				CLANG_WARN__DUPLICATE_METHOD_MATCH = YES;
				COMBINE_HIDPI_IMAGES = YES;
				COPY_PHASE_STRIP = YES;
				DEBUG_INFORMATION_FORMAT = "dwarf-with-dsym";
				DEFINES_MODULE = YES;
				DYLIB_INSTALL_NAME_BASE = "@rpath";
				ENABLE_NS_ASSERTIONS = NO;
				ENABLE_STRICT_OBJC_MSGSEND = YES;
				GCC_C_LANGUAGE_STANDARD = c11;
				GCC_WARN_64_TO_32_BIT_CONVERSION = YES;
				GCC_WARN_ABOUT_RETURN_TYPE = YES_ERROR;
				GCC_WARN_UNDECLARED_SELECTOR = YES;
				GCC_WARN_UNINITIALIZED_AUTOS = YES_AGGRESSIVE;
				GCC_WARN_UNUSED_FUNCTION = YES;
				GCC_WARN_UNUSED_VARIABLE = YES;
				INSTALL_PATH = "$(LOCAL_LIBRARY_DIR)/Frameworks";
				LD_RUNPATH_SEARCH_PATHS = "$(inherited) @executable_path/../Frameworks @loader_path/Frameworks";
				MTL_ENABLE_DEBUG_INFO = NO;
				SDKROOT = macosx;
				SKIP_INSTALL = YES;
				VERSIONING_SYSTEM = "apple-generic";
			};
			name = Distribution;
		};
		6252F0FA199C2AFB002ECE4D /* Debug */ = {
			isa = XCBuildConfiguration;
			buildSettings = {
				ALWAYS_SEARCH_USER_PATHS = NO;
				CLANG_CXX_LANGUAGE_STANDARD = "gnu++0x";
				CLANG_CXX_LIBRARY = "libc++";
				CLANG_ENABLE_MODULES = YES;
				CLANG_ENABLE_OBJC_ARC = YES;
				CLANG_WARN_BOOL_CONVERSION = YES;
				CLANG_WARN_CONSTANT_CONVERSION = YES;
				CLANG_WARN_DIRECT_OBJC_ISA_USAGE = YES_ERROR;
				CLANG_WARN_EMPTY_BODY = YES;
				CLANG_WARN_ENUM_CONVERSION = YES;
				CLANG_WARN_INT_CONVERSION = YES;
				CLANG_WARN_OBJC_ROOT_CLASS = YES_ERROR;
				CLANG_WARN_UNREACHABLE_CODE = YES;
				CLANG_WARN__DUPLICATE_METHOD_MATCH = YES;
				COMBINE_HIDPI_IMAGES = YES;
				COPY_PHASE_STRIP = NO;
				ENABLE_STRICT_OBJC_MSGSEND = YES;
				FRAMEWORK_SEARCH_PATHS = (
					"$(DEVELOPER_FRAMEWORKS_DIR)",
					"$(inherited)",
				);
				GCC_C_LANGUAGE_STANDARD = gnu99;
				GCC_DYNAMIC_NO_PIC = NO;
				GCC_OPTIMIZATION_LEVEL = 0;
				GCC_PREPROCESSOR_DEFINITIONS = (
					"DEBUG=1",
					"$(inherited)",
				);
				GCC_SYMBOLS_PRIVATE_EXTERN = NO;
				GCC_WARN_64_TO_32_BIT_CONVERSION = YES;
				GCC_WARN_ABOUT_RETURN_TYPE = YES_ERROR;
				GCC_WARN_UNDECLARED_SELECTOR = YES;
				GCC_WARN_UNINITIALIZED_AUTOS = YES_AGGRESSIVE;
				GCC_WARN_UNUSED_FUNCTION = YES;
				GCC_WARN_UNUSED_VARIABLE = YES;
				INFOPLIST_FILE = "$(TARGET_NAME)/Configuration/Info.plist";
				LD_RUNPATH_SEARCH_PATHS = "$(inherited) @executable_path/../Frameworks @loader_path/../Frameworks";
				MACOSX_DEPLOYMENT_TARGET = 10.9;
				MTL_ENABLE_DEBUG_INFO = YES;
				ONLY_ACTIVE_ARCH = YES;
				PRODUCT_NAME = "$(TARGET_NAME)";
				SDKROOT = macosx;
			};
			name = Debug;
		};
		6252F0FB199C2AFB002ECE4D /* Release */ = {
			isa = XCBuildConfiguration;
			buildSettings = {
				ALWAYS_SEARCH_USER_PATHS = NO;
				CLANG_CXX_LANGUAGE_STANDARD = "gnu++0x";
				CLANG_CXX_LIBRARY = "libc++";
				CLANG_ENABLE_MODULES = YES;
				CLANG_ENABLE_OBJC_ARC = YES;
				CLANG_WARN_BOOL_CONVERSION = YES;
				CLANG_WARN_CONSTANT_CONVERSION = YES;
				CLANG_WARN_DIRECT_OBJC_ISA_USAGE = YES_ERROR;
				CLANG_WARN_EMPTY_BODY = YES;
				CLANG_WARN_ENUM_CONVERSION = YES;
				CLANG_WARN_INT_CONVERSION = YES;
				CLANG_WARN_OBJC_ROOT_CLASS = YES_ERROR;
				CLANG_WARN_UNREACHABLE_CODE = YES;
				CLANG_WARN__DUPLICATE_METHOD_MATCH = YES;
				COMBINE_HIDPI_IMAGES = YES;
				COPY_PHASE_STRIP = YES;
				DEBUG_INFORMATION_FORMAT = "dwarf-with-dsym";
				ENABLE_NS_ASSERTIONS = NO;
				ENABLE_STRICT_OBJC_MSGSEND = YES;
				FRAMEWORK_SEARCH_PATHS = (
					"$(DEVELOPER_FRAMEWORKS_DIR)",
					"$(inherited)",
				);
				GCC_C_LANGUAGE_STANDARD = gnu99;
				GCC_WARN_64_TO_32_BIT_CONVERSION = YES;
				GCC_WARN_ABOUT_RETURN_TYPE = YES_ERROR;
				GCC_WARN_UNDECLARED_SELECTOR = YES;
				GCC_WARN_UNINITIALIZED_AUTOS = YES_AGGRESSIVE;
				GCC_WARN_UNUSED_FUNCTION = YES;
				GCC_WARN_UNUSED_VARIABLE = YES;
				INFOPLIST_FILE = "$(TARGET_NAME)/Configuration/Info.plist";
				LD_RUNPATH_SEARCH_PATHS = "$(inherited) @executable_path/../Frameworks @loader_path/../Frameworks";
				MACOSX_DEPLOYMENT_TARGET = 10.9;
				MTL_ENABLE_DEBUG_INFO = NO;
				PRODUCT_NAME = "$(TARGET_NAME)";
				SDKROOT = macosx;
			};
			name = Release;
		};
		6252F0FC199C2AFB002ECE4D /* Distribution */ = {
			isa = XCBuildConfiguration;
			buildSettings = {
				ALWAYS_SEARCH_USER_PATHS = NO;
				CLANG_CXX_LANGUAGE_STANDARD = "gnu++0x";
				CLANG_CXX_LIBRARY = "libc++";
				CLANG_ENABLE_MODULES = YES;
				CLANG_ENABLE_OBJC_ARC = YES;
				CLANG_WARN_BOOL_CONVERSION = YES;
				CLANG_WARN_CONSTANT_CONVERSION = YES;
				CLANG_WARN_DIRECT_OBJC_ISA_USAGE = YES_ERROR;
				CLANG_WARN_EMPTY_BODY = YES;
				CLANG_WARN_ENUM_CONVERSION = YES;
				CLANG_WARN_INT_CONVERSION = YES;
				CLANG_WARN_OBJC_ROOT_CLASS = YES_ERROR;
				CLANG_WARN_UNREACHABLE_CODE = YES;
				CLANG_WARN__DUPLICATE_METHOD_MATCH = YES;
				COMBINE_HIDPI_IMAGES = YES;
				COPY_PHASE_STRIP = YES;
				DEBUG_INFORMATION_FORMAT = "dwarf-with-dsym";
				ENABLE_NS_ASSERTIONS = NO;
				ENABLE_STRICT_OBJC_MSGSEND = YES;
				FRAMEWORK_SEARCH_PATHS = (
					"$(DEVELOPER_FRAMEWORKS_DIR)",
					"$(inherited)",
				);
				GCC_C_LANGUAGE_STANDARD = gnu99;
				GCC_WARN_64_TO_32_BIT_CONVERSION = YES;
				GCC_WARN_ABOUT_RETURN_TYPE = YES_ERROR;
				GCC_WARN_UNDECLARED_SELECTOR = YES;
				GCC_WARN_UNINITIALIZED_AUTOS = YES_AGGRESSIVE;
				GCC_WARN_UNUSED_FUNCTION = YES;
				GCC_WARN_UNUSED_VARIABLE = YES;
				INFOPLIST_FILE = "$(TARGET_NAME)/Configuration/Info.plist";
				LD_RUNPATH_SEARCH_PATHS = "$(inherited) @executable_path/../Frameworks @loader_path/../Frameworks";
				MACOSX_DEPLOYMENT_TARGET = 10.9;
				MTL_ENABLE_DEBUG_INFO = NO;
				PRODUCT_NAME = "$(TARGET_NAME)";
				SDKROOT = macosx;
			};
			name = Distribution;
		};
/* End XCBuildConfiguration section */

/* Begin XCConfigurationList section */
		6252F0AA199C243D002ECE4D /* Build configuration list for PBXProject "RelayrSDK" */ = {
			isa = XCConfigurationList;
			buildConfigurations = (
				6252F0AB199C243D002ECE4D /* Debug */,
				6252F0AC199C243D002ECE4D /* Release */,
				6252F0AD199C2443002ECE4D /* Distribution */,
			);
			defaultConfigurationIsVisible = 0;
			defaultConfigurationName = Release;
		};
		6252F0C4199C2465002ECE4D /* Build configuration list for PBXNativeTarget "iOSRelayr" */ = {
			isa = XCConfigurationList;
			buildConfigurations = (
				6252F0C5199C2465002ECE4D /* Debug */,
				6252F0C6199C2465002ECE4D /* Release */,
				6252F0C7199C2465002ECE4D /* Distribution */,
			);
			defaultConfigurationIsVisible = 0;
			defaultConfigurationName = Release;
		};
		6252F0C8199C2465002ECE4D /* Build configuration list for PBXNativeTarget "iOSRelayrTests" */ = {
			isa = XCConfigurationList;
			buildConfigurations = (
				6252F0C9199C2465002ECE4D /* Debug */,
				6252F0CA199C2465002ECE4D /* Release */,
				6252F0CB199C2465002ECE4D /* Distribution */,
			);
			defaultConfigurationIsVisible = 0;
			defaultConfigurationName = Release;
		};
		6252F0F5199C2AFB002ECE4D /* Build configuration list for PBXNativeTarget "OSXRelayr" */ = {
			isa = XCConfigurationList;
			buildConfigurations = (
				6252F0F6199C2AFB002ECE4D /* Debug */,
				6252F0F7199C2AFB002ECE4D /* Release */,
				6252F0F8199C2AFB002ECE4D /* Distribution */,
			);
			defaultConfigurationIsVisible = 0;
			defaultConfigurationName = Release;
		};
		6252F0F9199C2AFB002ECE4D /* Build configuration list for PBXNativeTarget "OSXRelayrTests" */ = {
			isa = XCConfigurationList;
			buildConfigurations = (
				6252F0FA199C2AFB002ECE4D /* Debug */,
				6252F0FB199C2AFB002ECE4D /* Release */,
				6252F0FC199C2AFB002ECE4D /* Distribution */,
			);
			defaultConfigurationIsVisible = 0;
			defaultConfigurationName = Release;
		};
/* End XCConfigurationList section */
	};
	rootObject = 6252F0A7199C243D002ECE4D /* Project object */;
}
