// !$*UTF8*$!
{
	archiveVersion = 1;
	classes = {
	};
	objectVersion = 46;
	objects = {

/* Begin PBXBuildFile section */
		6234A2DC1A2325E000330BFE /* CCore.h in Headers */ = {isa = PBXBuildFile; fileRef = 6234A2DB1A2325E000330BFE /* CCore.h */; };
		6234A2DD1A2325E000330BFE /* CCore.h in Headers */ = {isa = PBXBuildFile; fileRef = 6234A2DB1A2325E000330BFE /* CCore.h */; };
		6234A2DF1A23265900330BFE /* CCore.c in Sources */ = {isa = PBXBuildFile; fileRef = 6234A2DE1A23265900330BFE /* CCore.c */; };
		6234A2E01A23265900330BFE /* CCore.c in Sources */ = {isa = PBXBuildFile; fileRef = 6234A2DE1A23265900330BFE /* CCore.c */; };
		6264332E1A2512DB00A5A11B /* libcbasics.a in Frameworks */ = {isa = PBXBuildFile; fileRef = 62CBFBF919F5A502007E84C2 /* libcbasics.a */; };
		626433301A25136F00A5A11B /* main.c in Sources */ = {isa = PBXBuildFile; fileRef = 6264332F1A25136F00A5A11B /* main.c */; };
		62B64DF31A2526040067C870 /* CCoreTest.c in Sources */ = {isa = PBXBuildFile; fileRef = 626433321A25143600A5A11B /* CCoreTest.c */; };
		62B64DF41A2526040067C870 /* CStringTest.c in Sources */ = {isa = PBXBuildFile; fileRef = 626433331A25143600A5A11B /* CStringTest.c */; };
		62CF59AE1A029D3200D16DF1 /* CBasics.h in Headers */ = {isa = PBXBuildFile; fileRef = 62CF59A41A029D3200D16DF1 /* CBasics.h */; settings = {ATTRIBUTES = (Public, ); }; };
		62CF59AF1A029D3200D16DF1 /* CBasics.h in Headers */ = {isa = PBXBuildFile; fileRef = 62CF59A41A029D3200D16DF1 /* CBasics.h */; settings = {ATTRIBUTES = (Public, ); }; };
		62CF59B01A029D3200D16DF1 /* CString.c in Sources */ = {isa = PBXBuildFile; fileRef = 62CF59A61A029D3200D16DF1 /* CString.c */; };
		62CF59B11A029D3200D16DF1 /* CString.c in Sources */ = {isa = PBXBuildFile; fileRef = 62CF59A61A029D3200D16DF1 /* CString.c */; };
		62CF59B21A029D3200D16DF1 /* CString.h in Headers */ = {isa = PBXBuildFile; fileRef = 62CF59A71A029D3200D16DF1 /* CString.h */; settings = {ATTRIBUTES = (Public, ); }; };
		62CF59B31A029D3200D16DF1 /* CString.h in Headers */ = {isa = PBXBuildFile; fileRef = 62CF59A71A029D3200D16DF1 /* CString.h */; settings = {ATTRIBUTES = (Public, ); }; };
		62CF59B41A029D3200D16DF1 /* CMacros.h in Headers */ = {isa = PBXBuildFile; fileRef = 62CF59A91A029D3200D16DF1 /* CMacros.h */; settings = {ATTRIBUTES = (Public, ); }; };
		62CF59B51A029D3200D16DF1 /* CMacros.h in Headers */ = {isa = PBXBuildFile; fileRef = 62CF59A91A029D3200D16DF1 /* CMacros.h */; settings = {ATTRIBUTES = (Public, ); }; };
		62CF59B61A029D3200D16DF1 /* CMath.h in Headers */ = {isa = PBXBuildFile; fileRef = 62CF59AA1A029D3200D16DF1 /* CMath.h */; settings = {ATTRIBUTES = (Public, ); }; };
		62CF59B71A029D3200D16DF1 /* CMath.h in Headers */ = {isa = PBXBuildFile; fileRef = 62CF59AA1A029D3200D16DF1 /* CMath.h */; settings = {ATTRIBUTES = (Public, ); }; };
		62CF59B81A029D3200D16DF1 /* CPlatforms.h in Headers */ = {isa = PBXBuildFile; fileRef = 62CF59AB1A029D3200D16DF1 /* CPlatforms.h */; settings = {ATTRIBUTES = (Private, ); }; };
		62CF59B91A029D3200D16DF1 /* CPlatforms.h in Headers */ = {isa = PBXBuildFile; fileRef = 62CF59AB1A029D3200D16DF1 /* CPlatforms.h */; settings = {ATTRIBUTES = (Public, ); }; };
		62CF59BA1A029D3200D16DF1 /* CPlatforms_endianness.h in Headers */ = {isa = PBXBuildFile; fileRef = 62CF59AC1A029D3200D16DF1 /* CPlatforms_endianness.h */; settings = {ATTRIBUTES = (Private, ); }; };
		62CF59BB1A029D3200D16DF1 /* CPlatforms_endianness.h in Headers */ = {isa = PBXBuildFile; fileRef = 62CF59AC1A029D3200D16DF1 /* CPlatforms_endianness.h */; settings = {ATTRIBUTES = (Public, ); }; };
		62CF59BC1A029D3200D16DF1 /* CTests.h in Headers */ = {isa = PBXBuildFile; fileRef = 62CF59AD1A029D3200D16DF1 /* CTests.h */; settings = {ATTRIBUTES = (Private, ); }; };
		62CF59BD1A029D3200D16DF1 /* CTests.h in Headers */ = {isa = PBXBuildFile; fileRef = 62CF59AD1A029D3200D16DF1 /* CTests.h */; settings = {ATTRIBUTES = (Private, ); }; };
		62CF59BF1A029DF100D16DF1 /* CDebug.h in Headers */ = {isa = PBXBuildFile; fileRef = 62CF59BE1A029DF100D16DF1 /* CDebug.h */; settings = {ATTRIBUTES = (Public, ); }; };
		62CF59C01A029DF100D16DF1 /* CDebug.h in Headers */ = {isa = PBXBuildFile; fileRef = 62CF59BE1A029DF100D16DF1 /* CDebug.h */; settings = {ATTRIBUTES = (Public, ); }; };
/* End PBXBuildFile section */

/* Begin PBXContainerItemProxy section */
		6264332C1A2512D200A5A11B /* PBXContainerItemProxy */ = {
			isa = PBXContainerItemProxy;
			containerPortal = 624FD0FB19F59BBF0009B3CF /* Project object */;
			proxyType = 1;
			remoteGlobalIDString = 62CBFBF819F5A502007E84C2;
			remoteInfo = CBasics_OSX;
		};
/* End PBXContainerItemProxy section */

/* Begin PBXFileReference section */
		6234A2DB1A2325E000330BFE /* CCore.h */ = {isa = PBXFileReference; fileEncoding = 4; lastKnownFileType = sourcecode.c.h; path = CCore.h; sourceTree = "<group>"; };
		6234A2DE1A23265900330BFE /* CCore.c */ = {isa = PBXFileReference; fileEncoding = 4; lastKnownFileType = sourcecode.c.c; path = CCore.c; sourceTree = "<group>"; };
		624FD11619F59D290009B3CF /* libcbasics.a */ = {isa = PBXFileReference; explicitFileType = archive.ar; includeInIndex = 0; path = libcbasics.a; sourceTree = BUILT_PRODUCTS_DIR; };
		626433221A2512C800A5A11B /* libcbasics_tests */ = {isa = PBXFileReference; explicitFileType = "compiled.mach-o.executable"; includeInIndex = 0; path = libcbasics_tests; sourceTree = BUILT_PRODUCTS_DIR; };
		6264332F1A25136F00A5A11B /* main.c */ = {isa = PBXFileReference; fileEncoding = 4; lastKnownFileType = sourcecode.c.c; path = main.c; sourceTree = "<group>"; };
		626433321A25143600A5A11B /* CCoreTest.c */ = {isa = PBXFileReference; fileEncoding = 4; lastKnownFileType = sourcecode.c.c; path = CCoreTest.c; sourceTree = "<group>"; };
		626433331A25143600A5A11B /* CStringTest.c */ = {isa = PBXFileReference; fileEncoding = 4; lastKnownFileType = sourcecode.c.c; path = CStringTest.c; sourceTree = "<group>"; };
		626433381A25152C00A5A11B /* tests_debug.xcconfig */ = {isa = PBXFileReference; lastKnownFileType = text.xcconfig; path = tests_debug.xcconfig; sourceTree = "<group>"; };
		626433391A25153500A5A11B /* tests_release.xcconfig */ = {isa = PBXFileReference; lastKnownFileType = text.xcconfig; path = tests_release.xcconfig; sourceTree = "<group>"; };
		6264333A1A25153F00A5A11B /* tests_distribution.xcconfig */ = {isa = PBXFileReference; lastKnownFileType = text.xcconfig; path = tests_distribution.xcconfig; sourceTree = "<group>"; };
		6273782219FE8A55009CDAB4 /* debug.xcconfig */ = {isa = PBXFileReference; lastKnownFileType = text.xcconfig; path = debug.xcconfig; sourceTree = "<group>"; };
		6273782319FE8B52009CDAB4 /* release.xcconfig */ = {isa = PBXFileReference; lastKnownFileType = text.xcconfig; path = release.xcconfig; sourceTree = "<group>"; };
		6273782419FE8B87009CDAB4 /* distribution.xcconfig */ = {isa = PBXFileReference; lastKnownFileType = text.xcconfig; path = distribution.xcconfig; sourceTree = "<group>"; };
		6273782619FE8C03009CDAB4 /* ios_debug.xcconfig */ = {isa = PBXFileReference; lastKnownFileType = text.xcconfig; path = ios_debug.xcconfig; sourceTree = "<group>"; };
		6273782719FE8C3D009CDAB4 /* ios_release.xcconfig */ = {isa = PBXFileReference; lastKnownFileType = text.xcconfig; path = ios_release.xcconfig; sourceTree = "<group>"; };
		6273782819FE8C58009CDAB4 /* ios_distribution.xcconfig */ = {isa = PBXFileReference; lastKnownFileType = text.xcconfig; path = ios_distribution.xcconfig; sourceTree = "<group>"; };
		62B64DF21A2522C10067C870 /* CoreTests.h */ = {isa = PBXFileReference; fileEncoding = 4; lastKnownFileType = sourcecode.c.h; path = CoreTests.h; sourceTree = "<group>"; };
		62CBFBE819F5A290007E84C2 /* common.xcconfig */ = {isa = PBXFileReference; lastKnownFileType = text.xcconfig; path = common.xcconfig; sourceTree = "<group>"; };
		62CBFBEC19F5A29F007E84C2 /* ios_common.xcconfig */ = {isa = PBXFileReference; lastKnownFileType = text.xcconfig; path = ios_common.xcconfig; sourceTree = "<group>"; };
		62CBFBF019F5A29F007E84C2 /* osx_common.xcconfig */ = {isa = PBXFileReference; lastKnownFileType = text.xcconfig; path = osx_common.xcconfig; sourceTree = "<group>"; };
		62CBFBF419F5A29F007E84C2 /* tests_common.xcconfig */ = {isa = PBXFileReference; lastKnownFileType = text.xcconfig; path = tests_common.xcconfig; sourceTree = "<group>"; };
		62CBFBF919F5A502007E84C2 /* libcbasics.a */ = {isa = PBXFileReference; explicitFileType = archive.ar; includeInIndex = 0; path = libcbasics.a; sourceTree = BUILT_PRODUCTS_DIR; };
		62CF59A41A029D3200D16DF1 /* CBasics.h */ = {isa = PBXFileReference; fileEncoding = 4; lastKnownFileType = sourcecode.c.h; path = CBasics.h; sourceTree = "<group>"; };
		62CF59A61A029D3200D16DF1 /* CString.c */ = {isa = PBXFileReference; fileEncoding = 4; lastKnownFileType = sourcecode.c.c; path = CString.c; sourceTree = "<group>"; };
		62CF59A71A029D3200D16DF1 /* CString.h */ = {isa = PBXFileReference; fileEncoding = 4; lastKnownFileType = sourcecode.c.h; path = CString.h; sourceTree = "<group>"; };
		62CF59A91A029D3200D16DF1 /* CMacros.h */ = {isa = PBXFileReference; fileEncoding = 4; lastKnownFileType = sourcecode.c.h; path = CMacros.h; sourceTree = "<group>"; };
		62CF59AA1A029D3200D16DF1 /* CMath.h */ = {isa = PBXFileReference; fileEncoding = 4; lastKnownFileType = sourcecode.c.h; path = CMath.h; sourceTree = "<group>"; };
		62CF59AB1A029D3200D16DF1 /* CPlatforms.h */ = {isa = PBXFileReference; fileEncoding = 4; lastKnownFileType = sourcecode.c.h; path = CPlatforms.h; sourceTree = "<group>"; };
		62CF59AC1A029D3200D16DF1 /* CPlatforms_endianness.h */ = {isa = PBXFileReference; fileEncoding = 4; lastKnownFileType = sourcecode.c.h; path = CPlatforms_endianness.h; sourceTree = "<group>"; };
		62CF59AD1A029D3200D16DF1 /* CTests.h */ = {isa = PBXFileReference; fileEncoding = 4; lastKnownFileType = sourcecode.c.h; path = CTests.h; sourceTree = "<group>"; };
		62CF59BE1A029DF100D16DF1 /* CDebug.h */ = {isa = PBXFileReference; fileEncoding = 4; lastKnownFileType = sourcecode.c.h; path = CDebug.h; sourceTree = "<group>"; };
		62CF59C11A02AB1400D16DF1 /* CCheck.h */ = {isa = PBXFileReference; fileEncoding = 4; lastKnownFileType = sourcecode.c.h; path = CCheck.h; sourceTree = "<group>"; };
		62FDD25319FEF2C700542411 /* osx_debug.xcconfig */ = {isa = PBXFileReference; lastKnownFileType = text.xcconfig; path = osx_debug.xcconfig; sourceTree = "<group>"; };
		62FDD25419FEF87F00542411 /* osx_release.xcconfig */ = {isa = PBXFileReference; lastKnownFileType = text.xcconfig; path = osx_release.xcconfig; sourceTree = "<group>"; };
		62FDD25519FEF89C00542411 /* osx_distribution.xcconfig */ = {isa = PBXFileReference; lastKnownFileType = text.xcconfig; path = osx_distribution.xcconfig; sourceTree = "<group>"; };
/* End PBXFileReference section */

/* Begin PBXFrameworksBuildPhase section */
		624FD11319F59D290009B3CF /* Frameworks */ = {
			isa = PBXFrameworksBuildPhase;
			buildActionMask = 2147483647;
			files = (
			);
			runOnlyForDeploymentPostprocessing = 0;
		};
		6264331F1A2512C800A5A11B /* Frameworks */ = {
			isa = PBXFrameworksBuildPhase;
			buildActionMask = 2147483647;
			files = (
				6264332E1A2512DB00A5A11B /* libcbasics.a in Frameworks */,
			);
			runOnlyForDeploymentPostprocessing = 0;
		};
		62CBFBF619F5A502007E84C2 /* Frameworks */ = {
			isa = PBXFrameworksBuildPhase;
			buildActionMask = 2147483647;
			files = (
			);
			runOnlyForDeploymentPostprocessing = 0;
		};
/* End PBXFrameworksBuildPhase section */

/* Begin PBXGroup section */
		624FD0FA19F59BBF0009B3CF = {
			isa = PBXGroup;
			children = (
				624FD10119F59C1B0009B3CF /* Common */,
				62CBFBE919F5A29F007E84C2 /* iOS */,
				62CBFBED19F5A29F007E84C2 /* OSX */,
				62CBFBF119F5A29F007E84C2 /* Tests */,
				624FD11719F59D290009B3CF /* Products */,
			);
			sourceTree = "<group>";
		};
		624FD10119F59C1B0009B3CF /* Common */ = {
			isa = PBXGroup;
			children = (
				62CF59A31A029D3200D16DF1 /* Classes */,
				624FD10319F59C1B0009B3CF /* Configuration */,
			);
			path = Common;
			sourceTree = "<group>";
		};
		624FD10319F59C1B0009B3CF /* Configuration */ = {
			isa = PBXGroup;
			children = (
				62CBFBE819F5A290007E84C2 /* common.xcconfig */,
				6273782219FE8A55009CDAB4 /* debug.xcconfig */,
				6273782319FE8B52009CDAB4 /* release.xcconfig */,
				6273782419FE8B87009CDAB4 /* distribution.xcconfig */,
			);
			path = Configuration;
			sourceTree = "<group>";
		};
		624FD11719F59D290009B3CF /* Products */ = {
			isa = PBXGroup;
			children = (
				624FD11619F59D290009B3CF /* libcbasics.a */,
				62CBFBF919F5A502007E84C2 /* libcbasics.a */,
				626433221A2512C800A5A11B /* libcbasics_tests */,
			);
			name = Products;
			sourceTree = "<group>";
		};
		626433311A25143600A5A11B /* Core */ = {
			isa = PBXGroup;
			children = (
				62B64DF21A2522C10067C870 /* CoreTests.h */,
				626433321A25143600A5A11B /* CCoreTest.c */,
				626433331A25143600A5A11B /* CStringTest.c */,
			);
			path = Core;
			sourceTree = "<group>";
		};
		626433341A25143600A5A11B /* Utilities */ = {
			isa = PBXGroup;
			children = (
			);
			path = Utilities;
			sourceTree = "<group>";
		};
		62CBFBE919F5A29F007E84C2 /* iOS */ = {
			isa = PBXGroup;
			children = (
				62CBFBEA19F5A29F007E84C2 /* Classes */,
				62CBFBEB19F5A29F007E84C2 /* Configuration */,
			);
			path = iOS;
			sourceTree = "<group>";
		};
		62CBFBEA19F5A29F007E84C2 /* Classes */ = {
			isa = PBXGroup;
			children = (
			);
			path = Classes;
			sourceTree = "<group>";
		};
		62CBFBEB19F5A29F007E84C2 /* Configuration */ = {
			isa = PBXGroup;
			children = (
				62CBFBEC19F5A29F007E84C2 /* ios_common.xcconfig */,
				6273782619FE8C03009CDAB4 /* ios_debug.xcconfig */,
				6273782719FE8C3D009CDAB4 /* ios_release.xcconfig */,
				6273782819FE8C58009CDAB4 /* ios_distribution.xcconfig */,
			);
			path = Configuration;
			sourceTree = "<group>";
		};
		62CBFBED19F5A29F007E84C2 /* OSX */ = {
			isa = PBXGroup;
			children = (
				62CBFBEE19F5A29F007E84C2 /* Classes */,
				62CBFBEF19F5A29F007E84C2 /* Configuration */,
			);
			path = OSX;
			sourceTree = "<group>";
		};
		62CBFBEE19F5A29F007E84C2 /* Classes */ = {
			isa = PBXGroup;
			children = (
			);
			path = Classes;
			sourceTree = "<group>";
		};
		62CBFBEF19F5A29F007E84C2 /* Configuration */ = {
			isa = PBXGroup;
			children = (
				62CBFBF019F5A29F007E84C2 /* osx_common.xcconfig */,
				62FDD25319FEF2C700542411 /* osx_debug.xcconfig */,
				62FDD25419FEF87F00542411 /* osx_release.xcconfig */,
				62FDD25519FEF89C00542411 /* osx_distribution.xcconfig */,
			);
			path = Configuration;
			sourceTree = "<group>";
		};
		62CBFBF119F5A29F007E84C2 /* Tests */ = {
			isa = PBXGroup;
			children = (
				62CBFBF219F5A29F007E84C2 /* Classes */,
				62CBFBF319F5A29F007E84C2 /* Configuration */,
			);
			path = Tests;
			sourceTree = "<group>";
		};
		62CBFBF219F5A29F007E84C2 /* Classes */ = {
			isa = PBXGroup;
			children = (
				6264332F1A25136F00A5A11B /* main.c */,
				626433311A25143600A5A11B /* Core */,
				626433341A25143600A5A11B /* Utilities */,
			);
			path = Classes;
			sourceTree = "<group>";
		};
		62CBFBF319F5A29F007E84C2 /* Configuration */ = {
			isa = PBXGroup;
			children = (
				62CBFBF419F5A29F007E84C2 /* tests_common.xcconfig */,
				626433381A25152C00A5A11B /* tests_debug.xcconfig */,
				626433391A25153500A5A11B /* tests_release.xcconfig */,
				6264333A1A25153F00A5A11B /* tests_distribution.xcconfig */,
			);
			path = Configuration;
			sourceTree = "<group>";
		};
		62CF59A31A029D3200D16DF1 /* Classes */ = {
			isa = PBXGroup;
			children = (
				62CF59A41A029D3200D16DF1 /* CBasics.h */,
				62CF59A51A029D3200D16DF1 /* Core */,
				62CF59A81A029D3200D16DF1 /* Utilities */,
			);
			path = Classes;
			sourceTree = "<group>";
		};
		62CF59A51A029D3200D16DF1 /* Core */ = {
			isa = PBXGroup;
			children = (
				62CF59A71A029D3200D16DF1 /* CString.h */,
				62CF59A61A029D3200D16DF1 /* CString.c */,
				6234A2DB1A2325E000330BFE /* CCore.h */,
				6234A2DE1A23265900330BFE /* CCore.c */,
			);
			path = Core;
			sourceTree = "<group>";
		};
		62CF59A81A029D3200D16DF1 /* Utilities */ = {
			isa = PBXGroup;
			children = (
				62CF59C11A02AB1400D16DF1 /* CCheck.h */,
				62CF59BE1A029DF100D16DF1 /* CDebug.h */,
				62CF59A91A029D3200D16DF1 /* CMacros.h */,
				62CF59AA1A029D3200D16DF1 /* CMath.h */,
				62CF59AB1A029D3200D16DF1 /* CPlatforms.h */,
				62CF59AC1A029D3200D16DF1 /* CPlatforms_endianness.h */,
				62CF59AD1A029D3200D16DF1 /* CTests.h */,
			);
			path = Utilities;
			sourceTree = "<group>";
		};
/* End PBXGroup section */

/* Begin PBXHeadersBuildPhase section */
		62CBFBF719F5A502007E84C2 /* Headers */ = {
			isa = PBXHeadersBuildPhase;
			buildActionMask = 2147483647;
			files = (
				62CF59AF1A029D3200D16DF1 /* CBasics.h in Headers */,
				62CF59C01A029DF100D16DF1 /* CDebug.h in Headers */,
				62CF59B51A029D3200D16DF1 /* CMacros.h in Headers */,
				62CF59B71A029D3200D16DF1 /* CMath.h in Headers */,
				62CF59B91A029D3200D16DF1 /* CPlatforms.h in Headers */,
				6234A2DD1A2325E000330BFE /* CCore.h in Headers */,
				62CF59BB1A029D3200D16DF1 /* CPlatforms_endianness.h in Headers */,
				62CF59B31A029D3200D16DF1 /* CString.h in Headers */,
				62CF59BD1A029D3200D16DF1 /* CTests.h in Headers */,
			);
			runOnlyForDeploymentPostprocessing = 0;
		};
		62FDD24B19FEEDFF00542411 /* Headers */ = {
			isa = PBXHeadersBuildPhase;
			buildActionMask = 2147483647;
			files = (
				62CF59AE1A029D3200D16DF1 /* CBasics.h in Headers */,
				62CF59BF1A029DF100D16DF1 /* CDebug.h in Headers */,
				62CF59B41A029D3200D16DF1 /* CMacros.h in Headers */,
				62CF59B61A029D3200D16DF1 /* CMath.h in Headers */,
				62CF59B21A029D3200D16DF1 /* CString.h in Headers */,
				6234A2DC1A2325E000330BFE /* CCore.h in Headers */,
				62CF59B81A029D3200D16DF1 /* CPlatforms.h in Headers */,
				62CF59BC1A029D3200D16DF1 /* CTests.h in Headers */,
				62CF59BA1A029D3200D16DF1 /* CPlatforms_endianness.h in Headers */,
			);
			runOnlyForDeploymentPostprocessing = 0;
		};
/* End PBXHeadersBuildPhase section */

/* Begin PBXNativeTarget section */
		624FD11519F59D290009B3CF /* CBasics_iOS */ = {
			isa = PBXNativeTarget;
			buildConfigurationList = 624FD12519F59D290009B3CF /* Build configuration list for PBXNativeTarget "CBasics_iOS" */;
			buildPhases = (
				624FD11219F59D290009B3CF /* Sources */,
				624FD11319F59D290009B3CF /* Frameworks */,
				62FDD24B19FEEDFF00542411 /* Headers */,
			);
			buildRules = (
			);
			dependencies = (
			);
			name = CBasics_iOS;
			productName = CBasics_iOS;
			productReference = 624FD11619F59D290009B3CF /* libcbasics.a */;
			productType = "com.apple.product-type.library.static";
		};
		626433211A2512C800A5A11B /* CBasics_Tests */ = {
			isa = PBXNativeTarget;
			buildConfigurationList = 6264332B1A2512C900A5A11B /* Build configuration list for PBXNativeTarget "CBasics_Tests" */;
			buildPhases = (
				6264331E1A2512C800A5A11B /* Sources */,
				6264331F1A2512C800A5A11B /* Frameworks */,
			);
			buildRules = (
			);
			dependencies = (
				6264332D1A2512D200A5A11B /* PBXTargetDependency */,
			);
			name = CBasics_Tests;
			productName = CBasics_Tests;
			productReference = 626433221A2512C800A5A11B /* libcbasics_tests */;
			productType = "com.apple.product-type.tool";
		};
		62CBFBF819F5A502007E84C2 /* CBasics_OSX */ = {
			isa = PBXNativeTarget;
			buildConfigurationList = 62CBFBFA19F5A503007E84C2 /* Build configuration list for PBXNativeTarget "CBasics_OSX" */;
			buildPhases = (
				62CBFBF519F5A502007E84C2 /* Sources */,
				62CBFBF619F5A502007E84C2 /* Frameworks */,
				62CBFBF719F5A502007E84C2 /* Headers */,
			);
			buildRules = (
			);
			dependencies = (
			);
			name = CBasics_OSX;
			productName = CBasics_OSX;
			productReference = 62CBFBF919F5A502007E84C2 /* libcbasics.a */;
			productType = "com.apple.product-type.library.static";
		};
/* End PBXNativeTarget section */

/* Begin PBXProject section */
		624FD0FB19F59BBF0009B3CF /* Project object */ = {
			isa = PBXProject;
			attributes = {
				LastUpgradeCheck = 0610;
				TargetAttributes = {
					624FD11519F59D290009B3CF = {
						CreatedOnToolsVersion = 6.0.1;
					};
					626433211A2512C800A5A11B = {
						CreatedOnToolsVersion = 6.1;
					};
					62CBFBF819F5A502007E84C2 = {
						CreatedOnToolsVersion = 6.0.1;
					};
				};
			};
			buildConfigurationList = 624FD0FE19F59BBF0009B3CF /* Build configuration list for PBXProject "CBasics" */;
			compatibilityVersion = "Xcode 3.2";
			developmentRegion = English;
			hasScannedForEncodings = 0;
			knownRegions = (
				en,
			);
			mainGroup = 624FD0FA19F59BBF0009B3CF;
			productRefGroup = 624FD11719F59D290009B3CF /* Products */;
			projectDirPath = "";
			projectRoot = "";
			targets = (
				624FD11519F59D290009B3CF /* CBasics_iOS */,
				62CBFBF819F5A502007E84C2 /* CBasics_OSX */,
				626433211A2512C800A5A11B /* CBasics_Tests */,
			);
		};
/* End PBXProject section */

/* Begin PBXSourcesBuildPhase section */
		624FD11219F59D290009B3CF /* Sources */ = {
			isa = PBXSourcesBuildPhase;
			buildActionMask = 2147483647;
			files = (
				6234A2DF1A23265900330BFE /* CCore.c in Sources */,
				62CF59B01A029D3200D16DF1 /* CString.c in Sources */,
			);
			runOnlyForDeploymentPostprocessing = 0;
		};
		6264331E1A2512C800A5A11B /* Sources */ = {
			isa = PBXSourcesBuildPhase;
			buildActionMask = 2147483647;
			files = (
				626433301A25136F00A5A11B /* main.c in Sources */,
				62B64DF31A2526040067C870 /* CCoreTest.c in Sources */,
				62B64DF41A2526040067C870 /* CStringTest.c in Sources */,
			);
			runOnlyForDeploymentPostprocessing = 0;
		};
		62CBFBF519F5A502007E84C2 /* Sources */ = {
			isa = PBXSourcesBuildPhase;
			buildActionMask = 2147483647;
			files = (
				6234A2E01A23265900330BFE /* CCore.c in Sources */,
				62CF59B11A029D3200D16DF1 /* CString.c in Sources */,
			);
			runOnlyForDeploymentPostprocessing = 0;
		};
/* End PBXSourcesBuildPhase section */

/* Begin PBXTargetDependency section */
		6264332D1A2512D200A5A11B /* PBXTargetDependency */ = {
			isa = PBXTargetDependency;
			target = 62CBFBF819F5A502007E84C2 /* CBasics_OSX */;
			targetProxy = 6264332C1A2512D200A5A11B /* PBXContainerItemProxy */;
		};
/* End PBXTargetDependency section */

/* Begin XCBuildConfiguration section */
		624FD0FF19F59BBF0009B3CF /* Debug */ = {
			isa = XCBuildConfiguration;
			buildSettings = {
				ONLY_ACTIVE_ARCH = YES;
			};
			name = Debug;
		};
		624FD10019F59BBF0009B3CF /* Release */ = {
			isa = XCBuildConfiguration;
			buildSettings = {
			};
			name = Release;
		};
		624FD11019F59C7D0009B3CF /* Distribution */ = {
			isa = XCBuildConfiguration;
			buildSettings = {
			};
			name = Distribution;
		};
		624FD12619F59D290009B3CF /* Debug */ = {
			isa = XCBuildConfiguration;
			baseConfigurationReference = 6273782619FE8C03009CDAB4 /* ios_debug.xcconfig */;
			buildSettings = {
				CLANG_CXX_LANGUAGE_STANDARD = "gnu++0x";
				CLANG_CXX_LIBRARY = "libc++";
				CLANG_ENABLE_OBJC_ARC = YES;
				CLANG_WARN_BOOL_CONVERSION = YES;
				CLANG_WARN_CONSTANT_CONVERSION = YES;
				CLANG_WARN_DIRECT_OBJC_ISA_USAGE = YES_ERROR;
				CLANG_WARN_EMPTY_BODY = YES;
				CLANG_WARN_ENUM_CONVERSION = YES;
				CLANG_WARN_INT_CONVERSION = YES;
				CLANG_WARN_OBJC_ROOT_CLASS = YES_ERROR;
				CLANG_WARN_UNREACHABLE_CODE = YES;
				CLANG_WARN__DUPLICATE_METHOD_MATCH = YES;
				ENABLE_STRICT_OBJC_MSGSEND = YES;
				GCC_PREPROCESSOR_DEFINITIONS = (
					"DEBUG=1",
					"$(inherited)",
				);
				GCC_WARN_64_TO_32_BIT_CONVERSION = YES;
				GCC_WARN_ABOUT_RETURN_TYPE = YES_ERROR;
				GCC_WARN_UNDECLARED_SELECTOR = YES;
				GCC_WARN_UNINITIALIZED_AUTOS = YES_AGGRESSIVE;
				GCC_WARN_UNUSED_FUNCTION = YES;
				GCC_WARN_UNUSED_VARIABLE = YES;
				MTL_ENABLE_DEBUG_INFO = YES;
			};
			name = Debug;
		};
		624FD12719F59D290009B3CF /* Release */ = {
			isa = XCBuildConfiguration;
			baseConfigurationReference = 6273782719FE8C3D009CDAB4 /* ios_release.xcconfig */;
			buildSettings = {
				CLANG_CXX_LANGUAGE_STANDARD = "gnu++0x";
				CLANG_CXX_LIBRARY = "libc++";
				CLANG_ENABLE_OBJC_ARC = YES;
				CLANG_WARN_BOOL_CONVERSION = YES;
				CLANG_WARN_CONSTANT_CONVERSION = YES;
				CLANG_WARN_DIRECT_OBJC_ISA_USAGE = YES_ERROR;
				CLANG_WARN_EMPTY_BODY = YES;
				CLANG_WARN_ENUM_CONVERSION = YES;
				CLANG_WARN_INT_CONVERSION = YES;
				CLANG_WARN_OBJC_ROOT_CLASS = YES_ERROR;
				CLANG_WARN_UNREACHABLE_CODE = YES;
				CLANG_WARN__DUPLICATE_METHOD_MATCH = YES;
				ENABLE_NS_ASSERTIONS = NO;
				ENABLE_STRICT_OBJC_MSGSEND = YES;
				GCC_WARN_64_TO_32_BIT_CONVERSION = YES;
				GCC_WARN_ABOUT_RETURN_TYPE = YES_ERROR;
				GCC_WARN_UNDECLARED_SELECTOR = YES;
				GCC_WARN_UNINITIALIZED_AUTOS = YES_AGGRESSIVE;
				GCC_WARN_UNUSED_FUNCTION = YES;
				GCC_WARN_UNUSED_VARIABLE = YES;
				MTL_ENABLE_DEBUG_INFO = NO;
			};
			name = Release;
		};
		624FD12819F59D290009B3CF /* Distribution */ = {
			isa = XCBuildConfiguration;
			baseConfigurationReference = 6273782819FE8C58009CDAB4 /* ios_distribution.xcconfig */;
			buildSettings = {
				CLANG_CXX_LANGUAGE_STANDARD = "gnu++0x";
				CLANG_CXX_LIBRARY = "libc++";
				CLANG_ENABLE_OBJC_ARC = YES;
				CLANG_WARN_BOOL_CONVERSION = YES;
				CLANG_WARN_CONSTANT_CONVERSION = YES;
				CLANG_WARN_DIRECT_OBJC_ISA_USAGE = YES_ERROR;
				CLANG_WARN_EMPTY_BODY = YES;
				CLANG_WARN_ENUM_CONVERSION = YES;
				CLANG_WARN_INT_CONVERSION = YES;
				CLANG_WARN_OBJC_ROOT_CLASS = YES_ERROR;
				CLANG_WARN_UNREACHABLE_CODE = YES;
				CLANG_WARN__DUPLICATE_METHOD_MATCH = YES;
				ENABLE_NS_ASSERTIONS = NO;
				ENABLE_STRICT_OBJC_MSGSEND = YES;
				GCC_WARN_64_TO_32_BIT_CONVERSION = YES;
				GCC_WARN_ABOUT_RETURN_TYPE = YES_ERROR;
				GCC_WARN_UNDECLARED_SELECTOR = YES;
				GCC_WARN_UNINITIALIZED_AUTOS = YES_AGGRESSIVE;
				GCC_WARN_UNUSED_FUNCTION = YES;
				GCC_WARN_UNUSED_VARIABLE = YES;
				MTL_ENABLE_DEBUG_INFO = NO;
			};
			name = Distribution;
		};
		626433261A2512C900A5A11B /* Debug */ = {
			isa = XCBuildConfiguration;
			baseConfigurationReference = 626433381A25152C00A5A11B /* tests_debug.xcconfig */;
			buildSettings = {
				ALWAYS_SEARCH_USER_PATHS = NO;
				CLANG_CXX_LANGUAGE_STANDARD = "gnu++0x";
				CLANG_CXX_LIBRARY = "libc++";
				CLANG_ENABLE_MODULES = YES;
				CLANG_ENABLE_OBJC_ARC = YES;
				CLANG_WARN_BOOL_CONVERSION = YES;
				CLANG_WARN_CONSTANT_CONVERSION = YES;
				CLANG_WARN_DIRECT_OBJC_ISA_USAGE = YES_ERROR;
				CLANG_WARN_EMPTY_BODY = YES;
				CLANG_WARN_ENUM_CONVERSION = YES;
				CLANG_WARN_INT_CONVERSION = YES;
				CLANG_WARN_OBJC_ROOT_CLASS = YES_ERROR;
				CLANG_WARN_UNREACHABLE_CODE = YES;
				CLANG_WARN__DUPLICATE_METHOD_MATCH = YES;
				COPY_PHASE_STRIP = NO;
				ENABLE_STRICT_OBJC_MSGSEND = YES;
				GCC_DYNAMIC_NO_PIC = NO;
				GCC_PREPROCESSOR_DEFINITIONS = (
					"DEBUG=1",
					"$(inherited)",
				);
				GCC_SYMBOLS_PRIVATE_EXTERN = NO;
				GCC_WARN_64_TO_32_BIT_CONVERSION = YES;
				GCC_WARN_ABOUT_RETURN_TYPE = YES_ERROR;
				GCC_WARN_UNDECLARED_SELECTOR = YES;
				GCC_WARN_UNINITIALIZED_AUTOS = YES_AGGRESSIVE;
				GCC_WARN_UNUSED_FUNCTION = YES;
				GCC_WARN_UNUSED_VARIABLE = YES;
				MTL_ENABLE_DEBUG_INFO = YES;
			};
			name = Debug;
		};
		626433271A2512C900A5A11B /* Release */ = {
			isa = XCBuildConfiguration;
			baseConfigurationReference = 626433391A25153500A5A11B /* tests_release.xcconfig */;
			buildSettings = {
				ALWAYS_SEARCH_USER_PATHS = NO;
				CLANG_CXX_LANGUAGE_STANDARD = "gnu++0x";
				CLANG_CXX_LIBRARY = "libc++";
				CLANG_ENABLE_MODULES = YES;
				CLANG_ENABLE_OBJC_ARC = YES;
				CLANG_WARN_BOOL_CONVERSION = YES;
				CLANG_WARN_CONSTANT_CONVERSION = YES;
				CLANG_WARN_DIRECT_OBJC_ISA_USAGE = YES_ERROR;
				CLANG_WARN_EMPTY_BODY = YES;
				CLANG_WARN_ENUM_CONVERSION = YES;
				CLANG_WARN_INT_CONVERSION = YES;
				CLANG_WARN_OBJC_ROOT_CLASS = YES_ERROR;
				CLANG_WARN_UNREACHABLE_CODE = YES;
				CLANG_WARN__DUPLICATE_METHOD_MATCH = YES;
				COPY_PHASE_STRIP = YES;
				DEBUG_INFORMATION_FORMAT = "dwarf-with-dsym";
				ENABLE_NS_ASSERTIONS = NO;
				ENABLE_STRICT_OBJC_MSGSEND = YES;
				GCC_WARN_64_TO_32_BIT_CONVERSION = YES;
				GCC_WARN_ABOUT_RETURN_TYPE = YES_ERROR;
				GCC_WARN_UNDECLARED_SELECTOR = YES;
				GCC_WARN_UNINITIALIZED_AUTOS = YES_AGGRESSIVE;
				GCC_WARN_UNUSED_FUNCTION = YES;
				GCC_WARN_UNUSED_VARIABLE = YES;
				MTL_ENABLE_DEBUG_INFO = NO;
			};
			name = Release;
		};
		626433281A2512C900A5A11B /* Distribution */ = {
			isa = XCBuildConfiguration;
			baseConfigurationReference = 6264333A1A25153F00A5A11B /* tests_distribution.xcconfig */;
			buildSettings = {
				ALWAYS_SEARCH_USER_PATHS = NO;
				CLANG_CXX_LANGUAGE_STANDARD = "gnu++0x";
				CLANG_CXX_LIBRARY = "libc++";
				CLANG_ENABLE_MODULES = YES;
				CLANG_ENABLE_OBJC_ARC = YES;
				CLANG_WARN_BOOL_CONVERSION = YES;
				CLANG_WARN_CONSTANT_CONVERSION = YES;
				CLANG_WARN_DIRECT_OBJC_ISA_USAGE = YES_ERROR;
				CLANG_WARN_EMPTY_BODY = YES;
				CLANG_WARN_ENUM_CONVERSION = YES;
				CLANG_WARN_INT_CONVERSION = YES;
				CLANG_WARN_OBJC_ROOT_CLASS = YES_ERROR;
				CLANG_WARN_UNREACHABLE_CODE = YES;
				CLANG_WARN__DUPLICATE_METHOD_MATCH = YES;
				COPY_PHASE_STRIP = YES;
				DEBUG_INFORMATION_FORMAT = "dwarf-with-dsym";
				ENABLE_NS_ASSERTIONS = NO;
				ENABLE_STRICT_OBJC_MSGSEND = YES;
				GCC_WARN_64_TO_32_BIT_CONVERSION = YES;
				GCC_WARN_ABOUT_RETURN_TYPE = YES_ERROR;
				GCC_WARN_UNDECLARED_SELECTOR = YES;
				GCC_WARN_UNINITIALIZED_AUTOS = YES_AGGRESSIVE;
				GCC_WARN_UNUSED_FUNCTION = YES;
				GCC_WARN_UNUSED_VARIABLE = YES;
				MTL_ENABLE_DEBUG_INFO = NO;
			};
			name = Distribution;
		};
		62CBFBFB19F5A503007E84C2 /* Debug */ = {
			isa = XCBuildConfiguration;
			baseConfigurationReference = 62FDD25319FEF2C700542411 /* osx_debug.xcconfig */;
			buildSettings = {
				CLANG_CXX_LANGUAGE_STANDARD = "gnu++0x";
				CLANG_CXX_LIBRARY = "libc++";
				CLANG_ENABLE_OBJC_ARC = YES;
				CLANG_WARN_BOOL_CONVERSION = YES;
				CLANG_WARN_CONSTANT_CONVERSION = YES;
				CLANG_WARN_DIRECT_OBJC_ISA_USAGE = YES_ERROR;
				CLANG_WARN_EMPTY_BODY = YES;
				CLANG_WARN_ENUM_CONVERSION = YES;
				CLANG_WARN_INT_CONVERSION = YES;
				CLANG_WARN_OBJC_ROOT_CLASS = YES_ERROR;
				CLANG_WARN_UNREACHABLE_CODE = YES;
				CLANG_WARN__DUPLICATE_METHOD_MATCH = YES;
				COMBINE_HIDPI_IMAGES = YES;
				COPY_PHASE_STRIP = NO;
				ENABLE_STRICT_OBJC_MSGSEND = YES;
				GCC_OPTIMIZATION_LEVEL = 0;
				GCC_PREPROCESSOR_DEFINITIONS = (
					"DEBUG=1",
					"$(inherited)",
				);
				GCC_WARN_64_TO_32_BIT_CONVERSION = YES;
				GCC_WARN_ABOUT_RETURN_TYPE = YES_ERROR;
				GCC_WARN_UNDECLARED_SELECTOR = YES;
				GCC_WARN_UNINITIALIZED_AUTOS = YES_AGGRESSIVE;
				GCC_WARN_UNUSED_FUNCTION = YES;
				GCC_WARN_UNUSED_VARIABLE = YES;
				MTL_ENABLE_DEBUG_INFO = YES;
			};
			name = Debug;
		};
		62CBFBFC19F5A503007E84C2 /* Release */ = {
			isa = XCBuildConfiguration;
			baseConfigurationReference = 62FDD25419FEF87F00542411 /* osx_release.xcconfig */;
			buildSettings = {
				CLANG_CXX_LANGUAGE_STANDARD = "gnu++0x";
				CLANG_CXX_LIBRARY = "libc++";
				CLANG_ENABLE_OBJC_ARC = YES;
				CLANG_WARN_BOOL_CONVERSION = YES;
				CLANG_WARN_CONSTANT_CONVERSION = YES;
				CLANG_WARN_DIRECT_OBJC_ISA_USAGE = YES_ERROR;
				CLANG_WARN_EMPTY_BODY = YES;
				CLANG_WARN_ENUM_CONVERSION = YES;
				CLANG_WARN_INT_CONVERSION = YES;
				CLANG_WARN_OBJC_ROOT_CLASS = YES_ERROR;
				CLANG_WARN_UNREACHABLE_CODE = YES;
				CLANG_WARN__DUPLICATE_METHOD_MATCH = YES;
				COMBINE_HIDPI_IMAGES = YES;
				COPY_PHASE_STRIP = YES;
				DEBUG_INFORMATION_FORMAT = "dwarf-with-dsym";
				ENABLE_NS_ASSERTIONS = NO;
				ENABLE_STRICT_OBJC_MSGSEND = YES;
				GCC_WARN_64_TO_32_BIT_CONVERSION = YES;
				GCC_WARN_ABOUT_RETURN_TYPE = YES_ERROR;
				GCC_WARN_UNDECLARED_SELECTOR = YES;
				GCC_WARN_UNINITIALIZED_AUTOS = YES_AGGRESSIVE;
				GCC_WARN_UNUSED_FUNCTION = YES;
				GCC_WARN_UNUSED_VARIABLE = YES;
				MTL_ENABLE_DEBUG_INFO = NO;
			};
			name = Release;
		};
		62CBFBFD19F5A503007E84C2 /* Distribution */ = {
			isa = XCBuildConfiguration;
			baseConfigurationReference = 62FDD25519FEF89C00542411 /* osx_distribution.xcconfig */;
			buildSettings = {
				CLANG_CXX_LANGUAGE_STANDARD = "gnu++0x";
				CLANG_CXX_LIBRARY = "libc++";
				CLANG_ENABLE_OBJC_ARC = YES;
				CLANG_WARN_BOOL_CONVERSION = YES;
				CLANG_WARN_CONSTANT_CONVERSION = YES;
				CLANG_WARN_DIRECT_OBJC_ISA_USAGE = YES_ERROR;
				CLANG_WARN_EMPTY_BODY = YES;
				CLANG_WARN_ENUM_CONVERSION = YES;
				CLANG_WARN_INT_CONVERSION = YES;
				CLANG_WARN_OBJC_ROOT_CLASS = YES_ERROR;
				CLANG_WARN_UNREACHABLE_CODE = YES;
				CLANG_WARN__DUPLICATE_METHOD_MATCH = YES;
				COMBINE_HIDPI_IMAGES = YES;
				COPY_PHASE_STRIP = YES;
				DEBUG_INFORMATION_FORMAT = "dwarf-with-dsym";
				ENABLE_NS_ASSERTIONS = NO;
				ENABLE_STRICT_OBJC_MSGSEND = YES;
				GCC_WARN_64_TO_32_BIT_CONVERSION = YES;
				GCC_WARN_ABOUT_RETURN_TYPE = YES_ERROR;
				GCC_WARN_UNDECLARED_SELECTOR = YES;
				GCC_WARN_UNINITIALIZED_AUTOS = YES_AGGRESSIVE;
				GCC_WARN_UNUSED_FUNCTION = YES;
				GCC_WARN_UNUSED_VARIABLE = YES;
				MTL_ENABLE_DEBUG_INFO = NO;
			};
			name = Distribution;
		};
/* End XCBuildConfiguration section */

/* Begin XCConfigurationList section */
		624FD0FE19F59BBF0009B3CF /* Build configuration list for PBXProject "CBasics" */ = {
			isa = XCConfigurationList;
			buildConfigurations = (
				624FD0FF19F59BBF0009B3CF /* Debug */,
				624FD10019F59BBF0009B3CF /* Release */,
				624FD11019F59C7D0009B3CF /* Distribution */,
			);
			defaultConfigurationIsVisible = 0;
			defaultConfigurationName = Release;
		};
		624FD12519F59D290009B3CF /* Build configuration list for PBXNativeTarget "CBasics_iOS" */ = {
			isa = XCConfigurationList;
			buildConfigurations = (
				624FD12619F59D290009B3CF /* Debug */,
				624FD12719F59D290009B3CF /* Release */,
				624FD12819F59D290009B3CF /* Distribution */,
			);
			defaultConfigurationIsVisible = 0;
			defaultConfigurationName = Release;
		};
		6264332B1A2512C900A5A11B /* Build configuration list for PBXNativeTarget "CBasics_Tests" */ = {
			isa = XCConfigurationList;
			buildConfigurations = (
				626433261A2512C900A5A11B /* Debug */,
				626433271A2512C900A5A11B /* Release */,
				626433281A2512C900A5A11B /* Distribution */,
			);
			defaultConfigurationIsVisible = 0;
			defaultConfigurationName = Release;
		};
		62CBFBFA19F5A503007E84C2 /* Build configuration list for PBXNativeTarget "CBasics_OSX" */ = {
			isa = XCConfigurationList;
			buildConfigurations = (
				62CBFBFB19F5A503007E84C2 /* Debug */,
				62CBFBFC19F5A503007E84C2 /* Release */,
				62CBFBFD19F5A503007E84C2 /* Distribution */,
			);
			defaultConfigurationIsVisible = 0;
			defaultConfigurationName = Release;
		};
/* End XCConfigurationList section */
	};
	rootObject = 624FD0FB19F59BBF0009B3CF /* Project object */;
}
