// !$*UTF8*$!
{
	archiveVersion = 1;
	classes = {
	};
	objectVersion = 46;
	objects = {

/* Begin PBXBuildFile section */
		627CB2F719C702460084DE36 /* Images.xcassets in Resources */ = {isa = PBXBuildFile; fileRef = 627CB2EE19C702460084DE36 /* Images.xcassets */; };
		627CB2F819C702460084DE36 /* MainMenu.xib in Resources */ = {isa = PBXBuildFile; fileRef = 627CB2F019C702460084DE36 /* MainMenu.xib */; };
		627CB2F919C702460084DE36 /* AppDelegate.m in Sources */ = {isa = PBXBuildFile; fileRef = 627CB2F319C702460084DE36 /* AppDelegate.m */; };
		627CB2FA19C702460084DE36 /* main.m in Sources */ = {isa = PBXBuildFile; fileRef = 627CB2F419C702460084DE36 /* main.m */; };
/* End PBXBuildFile section */

/* Begin PBXFileReference section */
		627CB2CC19C701BF0084DE36 /* OSX_BLETester.app */ = {isa = PBXFileReference; explicitFileType = wrapper.application; includeInIndex = 0; path = OSX_BLETester.app; sourceTree = BUILT_PRODUCTS_DIR; };
		627CB2EE19C702460084DE36 /* Images.xcassets */ = {isa = PBXFileReference; lastKnownFileType = folder.assetcatalog; path = Images.xcassets; sourceTree = "<group>"; };
		627CB2F019C702460084DE36 /* MainMenu.xib */ = {isa = PBXFileReference; fileEncoding = 4; lastKnownFileType = file.xib; path = MainMenu.xib; sourceTree = "<group>"; };
		627CB2F219C702460084DE36 /* AppDelegate.h */ = {isa = PBXFileReference; fileEncoding = 4; lastKnownFileType = sourcecode.c.h; path = AppDelegate.h; sourceTree = "<group>"; };
		627CB2F319C702460084DE36 /* AppDelegate.m */ = {isa = PBXFileReference; fileEncoding = 4; lastKnownFileType = sourcecode.c.objc; path = AppDelegate.m; sourceTree = "<group>"; };
		627CB2F419C702460084DE36 /* main.m */ = {isa = PBXFileReference; fileEncoding = 4; lastKnownFileType = sourcecode.c.objc; path = main.m; sourceTree = "<group>"; };
		627CB2F619C702460084DE36 /* Info.plist */ = {isa = PBXFileReference; fileEncoding = 4; lastKnownFileType = text.plist.xml; path = Info.plist; sourceTree = "<group>"; };
/* End PBXFileReference section */

/* Begin PBXFrameworksBuildPhase section */
		627CB2C919C701BF0084DE36 /* Frameworks */ = {
			isa = PBXFrameworksBuildPhase;
			buildActionMask = 2147483647;
			files = (
			);
			runOnlyForDeploymentPostprocessing = 0;
		};
/* End PBXFrameworksBuildPhase section */

/* Begin PBXGroup section */
		627CB2CD19C701BF0084DE36 /* OSX_BLETester */ = {
			isa = PBXGroup;
			children = (
				627CB2EC19C702460084DE36 /* Assets */,
				627CB2F119C702460084DE36 /* Classes */,
				627CB2F519C702460084DE36 /* Configuration */,
			);
			path = OSX_BLETester;
			sourceTree = "<group>";
		};
		627CB2EC19C702460084DE36 /* Assets */ = {
			isa = PBXGroup;
			children = (
				627CB2ED19C702460084DE36 /* Images */,
				627CB2EF19C702460084DE36 /* Storyboards */,
			);
			name = Assets;
			path = "../../../Apple-SDK/BLETester/OSX_BLETester/Assets";
			sourceTree = "<group>";
		};
		627CB2ED19C702460084DE36 /* Images */ = {
			isa = PBXGroup;
			children = (
				627CB2EE19C702460084DE36 /* Images.xcassets */,
			);
			path = Images;
			sourceTree = "<group>";
		};
		627CB2EF19C702460084DE36 /* Storyboards */ = {
			isa = PBXGroup;
			children = (
				627CB2F019C702460084DE36 /* MainMenu.xib */,
			);
			path = Storyboards;
			sourceTree = "<group>";
		};
		627CB2F119C702460084DE36 /* Classes */ = {
			isa = PBXGroup;
			children = (
				627CB2F419C702460084DE36 /* main.m */,
				627CB2F219C702460084DE36 /* AppDelegate.h */,
				627CB2F319C702460084DE36 /* AppDelegate.m */,
			);
			name = Classes;
			path = "../../../Apple-SDK/BLETester/OSX_BLETester/Classes";
			sourceTree = "<group>";
		};
		627CB2F519C702460084DE36 /* Configuration */ = {
			isa = PBXGroup;
			children = (
				627CB2F619C702460084DE36 /* Info.plist */,
			);
			name = Configuration;
			path = "../../../Apple-SDK/BLETester/OSX_BLETester/Configuration";
			sourceTree = "<group>";
		};
		62C3932819C6E8B20007F902 = {
			isa = PBXGroup;
			children = (
				627CB2CD19C701BF0084DE36 /* OSX_BLETester */,
				62C3933219C6E8B20007F902 /* Products */,
			);
			sourceTree = "<group>";
		};
		62C3933219C6E8B20007F902 /* Products */ = {
			isa = PBXGroup;
			children = (
				627CB2CC19C701BF0084DE36 /* OSX_BLETester.app */,
			);
			name = Products;
			sourceTree = "<group>";
		};
/* End PBXGroup section */

/* Begin PBXNativeTarget section */
		627CB2CB19C701BF0084DE36 /* OSX_BLETester */ = {
			isa = PBXNativeTarget;
			buildConfigurationList = 627CB2E619C701BF0084DE36 /* Build configuration list for PBXNativeTarget "OSX_BLETester" */;
			buildPhases = (
				627CB2C819C701BF0084DE36 /* Sources */,
				627CB2C919C701BF0084DE36 /* Frameworks */,
				627CB2CA19C701BF0084DE36 /* Resources */,
			);
			buildRules = (
			);
			dependencies = (
			);
			name = OSX_BLETester;
			productName = OSX_BLETester;
			productReference = 627CB2CC19C701BF0084DE36 /* OSX_BLETester.app */;
			productType = "com.apple.product-type.application";
		};
/* End PBXNativeTarget section */

/* Begin PBXProject section */
		62C3932919C6E8B20007F902 /* Project object */ = {
			isa = PBXProject;
			attributes = {
				LastUpgradeCheck = 0600;
				ORGANIZATIONNAME = Relayr;
				TargetAttributes = {
					627CB2CB19C701BF0084DE36 = {
						CreatedOnToolsVersion = 6.0;
					};
				};
			};
			buildConfigurationList = 62C3932C19C6E8B20007F902 /* Build configuration list for PBXProject "BLETester" */;
			compatibilityVersion = "Xcode 3.2";
			developmentRegion = English;
			hasScannedForEncodings = 0;
			knownRegions = (
				en,
				Base,
			);
			mainGroup = 62C3932819C6E8B20007F902;
			productRefGroup = 62C3933219C6E8B20007F902 /* Products */;
			projectDirPath = "";
			projectRoot = "";
			targets = (
				627CB2CB19C701BF0084DE36 /* OSX_BLETester */,
			);
		};
/* End PBXProject section */

/* Begin PBXResourcesBuildPhase section */
		627CB2CA19C701BF0084DE36 /* Resources */ = {
			isa = PBXResourcesBuildPhase;
			buildActionMask = 2147483647;
			files = (
				627CB2F719C702460084DE36 /* Images.xcassets in Resources */,
				627CB2F819C702460084DE36 /* MainMenu.xib in Resources */,
			);
			runOnlyForDeploymentPostprocessing = 0;
		};
/* End PBXResourcesBuildPhase section */

/* Begin PBXSourcesBuildPhase section */
		627CB2C819C701BF0084DE36 /* Sources */ = {
			isa = PBXSourcesBuildPhase;
			buildActionMask = 2147483647;
			files = (
				627CB2FA19C702460084DE36 /* main.m in Sources */,
				627CB2F919C702460084DE36 /* AppDelegate.m in Sources */,
			);
			runOnlyForDeploymentPostprocessing = 0;
		};
/* End PBXSourcesBuildPhase section */

/* Begin XCBuildConfiguration section */
		627CB2E719C701BF0084DE36 /* Debug */ = {
			isa = XCBuildConfiguration;
			buildSettings = {
				ASSETCATALOG_COMPILER_APPICON_NAME = AppIcon;
				COMBINE_HIDPI_IMAGES = YES;
				FRAMEWORK_SEARCH_PATHS = (
					"$(inherited)",
					"/Users/san_dehesa/Marcos/Workspace/Relayr/Apple/apple-sdk/tmp/Relayr/Build/Products/Debug",
				);
				GCC_PREPROCESSOR_DEFINITIONS = (
					"DEBUG=1",
					"$(inherited)",
				);
				INFOPLIST_FILE = OSX_BLETester/Configuration/Info.plist;
				LD_RUNPATH_SEARCH_PATHS = "$(inherited) @executable_path/../Frameworks";
				PRODUCT_NAME = "$(TARGET_NAME)";
			};
			name = Debug;
		};
		627CB2E819C701BF0084DE36 /* Release */ = {
			isa = XCBuildConfiguration;
			buildSettings = {
				ASSETCATALOG_COMPILER_APPICON_NAME = AppIcon;
				COMBINE_HIDPI_IMAGES = YES;
				FRAMEWORK_SEARCH_PATHS = (
					"$(inherited)",
					"/Users/san_dehesa/Marcos/Workspace/Relayr/Apple/apple-sdk/tmp/Relayr/Build/Products/Debug",
				);
				INFOPLIST_FILE = OSX_BLETester/Configuration/Info.plist;
				LD_RUNPATH_SEARCH_PATHS = "$(inherited) @executable_path/../Frameworks";
				PRODUCT_NAME = "$(TARGET_NAME)";
			};
			name = Release;
		};
		62C3934C19C6E8B30007F902 /* Debug */ = {
			isa = XCBuildConfiguration;
			buildSettings = {
				ALWAYS_SEARCH_USER_PATHS = NO;
				CLANG_CXX_LANGUAGE_STANDARD = "gnu++0x";
				CLANG_CXX_LIBRARY = "libc++";
				CLANG_ENABLE_MODULES = YES;
				CLANG_ENABLE_OBJC_ARC = YES;
				CLANG_WARN_BOOL_CONVERSION = YES;
				CLANG_WARN_CONSTANT_CONVERSION = YES;
				CLANG_WARN_DIRECT_OBJC_ISA_USAGE = YES_ERROR;
				CLANG_WARN_EMPTY_BODY = YES;
				CLANG_WARN_ENUM_CONVERSION = YES;
				CLANG_WARN_INT_CONVERSION = YES;
				CLANG_WARN_OBJC_ROOT_CLASS = YES_ERROR;
				CLANG_WARN_UNREACHABLE_CODE = YES;
				CLANG_WARN__DUPLICATE_METHOD_MATCH = YES;
				CODE_SIGN_IDENTITY = "-";
				COPY_PHASE_STRIP = NO;
				ENABLE_STRICT_OBJC_MSGSEND = YES;
				GCC_C_LANGUAGE_STANDARD = gnu99;
				GCC_DYNAMIC_NO_PIC = NO;
				GCC_OPTIMIZATION_LEVEL = 0;
				GCC_PREPROCESSOR_DEFINITIONS = (
					"DEBUG=1",
					"$(inherited)",
				);
				GCC_SYMBOLS_PRIVATE_EXTERN = NO;
				GCC_WARN_64_TO_32_BIT_CONVERSION = YES;
				GCC_WARN_ABOUT_RETURN_TYPE = YES_ERROR;
				GCC_WARN_UNDECLARED_SELECTOR = YES;
				GCC_WARN_UNINITIALIZED_AUTOS = YES_AGGRESSIVE;
				GCC_WARN_UNUSED_FUNCTION = YES;
				GCC_WARN_UNUSED_VARIABLE = YES;
				MACOSX_DEPLOYMENT_TARGET = 10.10;
				MTL_ENABLE_DEBUG_INFO = YES;
				ONLY_ACTIVE_ARCH = YES;
				SDKROOT = macosx;
			};
			name = Debug;
		};
		62C3934D19C6E8B30007F902 /* Release */ = {
			isa = XCBuildConfiguration;
			buildSettings = {
				ALWAYS_SEARCH_USER_PATHS = NO;
				CLANG_CXX_LANGUAGE_STANDARD = "gnu++0x";
				CLANG_CXX_LIBRARY = "libc++";
				CLANG_ENABLE_MODULES = YES;
				CLANG_ENABLE_OBJC_ARC = YES;
				CLANG_WARN_BOOL_CONVERSION = YES;
				CLANG_WARN_CONSTANT_CONVERSION = YES;
				CLANG_WARN_DIRECT_OBJC_ISA_USAGE = YES_ERROR;
				CLANG_WARN_EMPTY_BODY = YES;
				CLANG_WARN_ENUM_CONVERSION = YES;
				CLANG_WARN_INT_CONVERSION = YES;
				CLANG_WARN_OBJC_ROOT_CLASS = YES_ERROR;
				CLANG_WARN_UNREACHABLE_CODE = YES;
				CLANG_WARN__DUPLICATE_METHOD_MATCH = YES;
				CODE_SIGN_IDENTITY = "-";
				COPY_PHASE_STRIP = YES;
				DEBUG_INFORMATION_FORMAT = "dwarf-with-dsym";
				ENABLE_NS_ASSERTIONS = NO;
				ENABLE_STRICT_OBJC_MSGSEND = YES;
				GCC_C_LANGUAGE_STANDARD = gnu99;
				GCC_WARN_64_TO_32_BIT_CONVERSION = YES;
				GCC_WARN_ABOUT_RETURN_TYPE = YES_ERROR;
				GCC_WARN_UNDECLARED_SELECTOR = YES;
				GCC_WARN_UNINITIALIZED_AUTOS = YES_AGGRESSIVE;
				GCC_WARN_UNUSED_FUNCTION = YES;
				GCC_WARN_UNUSED_VARIABLE = YES;
				MACOSX_DEPLOYMENT_TARGET = 10.10;
				MTL_ENABLE_DEBUG_INFO = NO;
				SDKROOT = macosx;
			};
			name = Release;
		};
/* End XCBuildConfiguration section */

/* Begin XCConfigurationList section */
		627CB2E619C701BF0084DE36 /* Build configuration list for PBXNativeTarget "OSX_BLETester" */ = {
			isa = XCConfigurationList;
			buildConfigurations = (
				627CB2E719C701BF0084DE36 /* Debug */,
				627CB2E819C701BF0084DE36 /* Release */,
			);
			defaultConfigurationIsVisible = 0;
			defaultConfigurationName = Release;
		};
		62C3932C19C6E8B20007F902 /* Build configuration list for PBXProject "BLETester" */ = {
			isa = XCConfigurationList;
			buildConfigurations = (
				62C3934C19C6E8B30007F902 /* Debug */,
				62C3934D19C6E8B30007F902 /* Release */,
			);
			defaultConfigurationIsVisible = 0;
			defaultConfigurationName = Release;
		};
/* End XCConfigurationList section */
	};
	rootObject = 62C3932919C6E8B20007F902 /* Project object */;
}
